<?xml version="1.0" encoding="UTF-8"?>
<Scheme
   LastUpgradeVersion = "1330"
   version = "1.7">
   <BuildAction
      parallelizeBuildables = "YES"
      buildImplicitDependencies = "YES">
      <BuildActionEntries>
         <BuildActionEntry
            buildForTesting = "YES"
            buildForRunning = "YES"
            buildForProfiling = "YES"
            buildForArchiving = "YES"
            buildForAnalyzing = "YES">
            <BuildableReference
               BuildableIdentifier = "primary"
               BlueprintIdentifier = "B00CED5D2811DF01001CB090"
               BuildableName = "Authenticator-iOS.app"
               BlueprintName = "Authenticator-iOS"
               ReferencedContainer = "container:Authenticator-iOS.xcodeproj">
            </BuildableReference>
         </BuildActionEntry>
      </BuildActionEntries>
   </BuildAction>
   <TestAction
      buildConfiguration = "Debug"
      selectedDebuggerIdentifier = ""
      selectedLauncherIdentifier = "Xcode.IDEFoundation.Launcher.PosixSpawn"
      shouldUseLaunchSchemeArgsEnv = "YES">
      <TestPlans>
         <TestPlanReference
            reference = "container:../Authenticator-iOS.xctestplan"
            default = "YES">
         </TestPlanReference>
      </TestPlans>
      <Testables>
         <TestableReference
            skipped = "NO">
            <BuildableReference
               BuildableIdentifier = "primary"
               BlueprintIdentifier = "B0A906B92812E9E200F72F87"
               BuildableName = "Authenticator-iOSTests.xctest"
               BlueprintName = "Authenticator-iOSTests"
               ReferencedContainer = "container:Authenticator-iOS.xcodeproj">
            </BuildableReference>
         </TestableReference>
         <TestableReference
            skipped = "NO">
            <BuildableReference
               BuildableIdentifier = "primary"
               BlueprintIdentifier = "B0F423B22814B66F00C9D138"
               BuildableName = "AccountRepositoryTests.xctest"
               BlueprintName = "AccountRepositoryTests"
               ReferencedContainer = "container:../Modules/Business/AccountRepository/AccountRepository.xcodeproj">
            </BuildableReference>
         </TestableReference>
         <TestableReference
            skipped = "NO">
            <BuildableReference
               BuildableIdentifier = "primary"
               BlueprintIdentifier = "B022ED0A281340B1000C8F23"
               BuildableName = "AddAccountBusinessTests-iOS.xctest"
               BlueprintName = "AddAccountBusinessTests-iOS"
               ReferencedContainer = "container:../Modules/Feature/AddAccount/AddAccountBusiness/AddAccountBusiness.xcodeproj">
            </BuildableReference>
         </TestableReference>
         <TestableReference
            skipped = "NO">
            <BuildableReference
               BuildableIdentifier = "primary"
               BlueprintIdentifier = "B0A906A42812E66000F72F87"
               BuildableName = "AuthenticatorListBusinessTests_iOS.xctest"
               BlueprintName = "AuthenticatorListBusinessTests_iOS"
               ReferencedContainer = "container:../Modules/Feature/AuthenticatorList/AuthenticatorListBusiness/AuthenticatorListBusiness.xcodeproj">
            </BuildableReference>
         </TestableReference>
         <TestableReference
            skipped = "NO">
            <BuildableReference
               BuildableIdentifier = "primary"
               BlueprintIdentifier = "B02F16A32775127B0002C2F4"
               BuildableName = "FileSystemPersistentStorageTests.xctest"
               BlueprintName = "FileSystemPersistentStorageTests"
               ReferencedContainer = "container:../Modules/Infrastructure/FileSystemPersistentStorage/FileSystemPersistentStorage.xcodeproj">
            </BuildableReference>
         </TestableReference>
      </Testables>
   </TestAction>
   <LaunchAction
      buildConfiguration = "Debug"
      selectedDebuggerIdentifier = "Xcode.DebuggerFoundation.Debugger.LLDB"
      selectedLauncherIdentifier = "Xcode.DebuggerFoundation.Launcher.LLDB"
      launchStyle = "0"
      useCustomWorkingDirectory = "NO"
      ignoresPersistentStateOnLaunch = "NO"
      debugDocumentVersioning = "YES"
      debugServiceExtension = "internal"
      allowLocationSimulation = "YES">
      <BuildableProductRunnable
         runnableDebuggingMode = "0">
         <BuildableReference
            BuildableIdentifier = "primary"
            BlueprintIdentifier = "B00CED5D2811DF01001CB090"
            BuildableName = "Authenticator-iOS.app"
            BlueprintName = "Authenticator-iOS"
            ReferencedContainer = "container:Authenticator-iOS.xcodeproj">
         </BuildableReference>
      </BuildableProductRunnable>
   </LaunchAction>
   <ProfileAction
      buildConfiguration = "Release"
      shouldUseLaunchSchemeArgsEnv = "YES"
      savedToolIdentifier = ""
      useCustomWorkingDirectory = "NO"
      debugDocumentVersioning = "YES">
      <BuildableProductRunnable
         runnableDebuggingMode = "0">
         <BuildableReference
            BuildableIdentifier = "primary"
            BlueprintIdentifier = "B00CED5D2811DF01001CB090"
            BuildableName = "Authenticator-iOS.app"
            BlueprintName = "Authenticator-iOS"
            ReferencedContainer = "container:Authenticator-iOS.xcodeproj">
         </BuildableReference>
      </BuildableProductRunnable>
   </ProfileAction>
   <AnalyzeAction
      buildConfiguration = "Debug">
   </AnalyzeAction>
   <ArchiveAction
      buildConfiguration = "Release"
      revealArchiveInOrganizer = "YES">
   </ArchiveAction>
</Scheme>
