PODS:
  - AccountRepository (1.0.0)
  - AccountRepository/Tests (1.0.0)
  - AddAccountBusiness (1.0.0)
  - AddAccountBusiness/Tests (1.0.0)
  - AddAccountView (1.0.0)
  - AuthenticatorListBusiness (1.0.0)
  - AuthenticatorListBusiness/Tests (1.0.0)
  - AuthenticatorListView (1.0.0)
  - Clock (1.0.0)
  - FileSystemPersistentStorage (1.0.0)
  - FileSystemPersistentStorage/Tests (1.0.0)
  - Firebase/Analytics (8.11.0):
    - Firebase/Core
  - Firebase/Core (8.11.0):
    - Firebase/CoreOnly
    - FirebaseAnalytics (~> 8.11.0)
  - Firebase/CoreOnly (8.11.0):
    - FirebaseCore (= 8.11.0)
  - Firebase/Crashlytics (8.11.0):
    - Firebase/CoreOnly
    - FirebaseCrashlytics (~> 8.11.0)
  - FirebaseAnalytics (8.11.0):
    - FirebaseAnalytics/AdIdSupport (= 8.11.0)
    - FirebaseCore (~> 8.0)
    - FirebaseInstallations (~> 8.0)
    - GoogleUtilities/AppDelegateSwizzler (~> 7.7)
    - GoogleUtilities/MethodSwizzler (~> 7.7)
    - GoogleUtilities/Network (~> 7.7)
    - "GoogleUtilities/NSData+zlib (~> 7.7)"
    - nanopb (~> 2.30908.0)
  - FirebaseAnalytics/AdIdSupport (8.11.0):
    - FirebaseCore (~> 8.0)
    - FirebaseInstallations (~> 8.0)
    - GoogleAppMeasurement (= 8.11.0)
    - GoogleUtilities/AppDelegateSwizzler (~> 7.7)
    - GoogleUtilities/MethodSwizzler (~> 7.7)
    - GoogleUtilities/Network (~> 7.7)
    - "GoogleUtilities/NSData+zlib (~> 7.7)"
    - nanopb (~> 2.30908.0)
  - FirebaseCore (8.11.0):
    - FirebaseCoreDiagnostics (~> 8.0)
    - GoogleUtilities/Environment (~> 7.7)
    - GoogleUtilities/Logger (~> 7.7)
  - FirebaseCoreDiagnostics (8.15.0):
    - GoogleDataTransport (~> 9.1)
    - GoogleUtilities/Environment (~> 7.7)
    - GoogleUtilities/Logger (~> 7.7)
    - nanopb (~> 2.30908.0)
  - FirebaseCrashlytics (8.11.0):
    - FirebaseCore (~> 8.0)
    - FirebaseInstallations (~> 8.0)
    - GoogleDataTransport (~> 9.1)
    - GoogleUtilities/Environment (~> 7.7)
    - nanopb (~> 2.30908.0)
    - PromisesObjC (< 3.0, >= 1.2)
  - FirebaseInstallations (8.15.0):
    - FirebaseCore (~> 8.0)
    - GoogleUtilities/Environment (~> 7.7)
    - GoogleUtilities/UserDefaults (~> 7.7)
    - PromisesObjC (< 3.0, >= 1.2)
  - GoogleAppMeasurement (8.11.0):
    - GoogleAppMeasurement/AdIdSupport (= 8.11.0)
    - GoogleUtilities/AppDelegateSwizzler (~> 7.7)
    - GoogleUtilities/MethodSwizzler (~> 7.7)
    - GoogleUtilities/Network (~> 7.7)
    - "GoogleUtilities/NSData+zlib (~> 7.7)"
    - nanopb (~> 2.30908.0)
  - GoogleAppMeasurement/AdIdSupport (8.11.0):
    - GoogleAppMeasurement/WithoutAdIdSupport (= 8.11.0)
    - GoogleUtilities/AppDelegateSwizzler (~> 7.7)
    - GoogleUtilities/MethodSwizzler (~> 7.7)
    - GoogleUtilities/Network (~> 7.7)
    - "GoogleUtilities/NSData+zlib (~> 7.7)"
    - nanopb (~> 2.30908.0)
  - GoogleAppMeasurement/WithoutAdIdSupport (8.11.0):
    - GoogleUtilities/AppDelegateSwizzler (~> 7.7)
    - GoogleUtilities/MethodSwizzler (~> 7.7)
    - GoogleUtilities/Network (~> 7.7)
    - "GoogleUtilities/NSData+zlib (~> 7.7)"
    - nanopb (~> 2.30908.0)
  - GoogleDataTransport (9.1.2):
    - GoogleUtilities/Environment (~> 7.2)
    - nanopb (~> 2.30908.0)
    - PromisesObjC (< 3.0, >= 1.2)
  - GoogleUtilities/AppDelegateSwizzler (7.7.0):
    - GoogleUtilities/Environment
    - GoogleUtilities/Logger
    - GoogleUtilities/Network
  - GoogleUtilities/Environment (7.7.0):
    - PromisesObjC (< 3.0, >= 1.2)
  - GoogleUtilities/Logger (7.7.0):
    - GoogleUtilities/Environment
  - GoogleUtilities/MethodSwizzler (7.7.0):
    - GoogleUtilities/Logger
  - GoogleUtilities/Network (7.7.0):
    - GoogleUtilities/Logger
    - "GoogleUtilities/NSData+zlib"
    - GoogleUtilities/Reachability
  - "GoogleUtilities/NSData+zlib (7.7.0)"
  - GoogleUtilities/Reachability (7.7.0):
    - GoogleUtilities/Logger
  - GoogleUtilities/UserDefaults (7.7.0):
    - GoogleUtilities/Logger
  - nanopb (2.30908.0):
    - nanopb/decode (= 2.30908.0)
    - nanopb/encode (= 2.30908.0)
  - nanopb/decode (2.30908.0)
  - nanopb/encode (2.30908.0)
  - PromisesObjC (2.1.0)
  - Resolver (1.5.0)
  - SwiftOTP (3.0.0)
  - UIKitNavigator (1.0.0)

DEPENDENCIES:
  - AccountRepository (from `./Modules/Business/AccountRepository`)
  - AccountRepository/Tests (from `./Modules/Business/AccountRepository`)
  - AddAccountBusiness (from `./Modules/Feature/AddAccount/AddAccountBusiness`)
  - AddAccountBusiness/Tests (from `./Modules/Feature/AddAccount/AddAccountBusiness`)
  - AddAccountView (from `./Modules/Feature/AddAccount/AddAccountView`)
  - AuthenticatorListBusiness (from `./Modules/Feature/AuthenticatorList/AuthenticatorListBusiness`)
  - AuthenticatorListBusiness/Tests (from `./Modules/Feature/AuthenticatorList/AuthenticatorListBusiness`)
  - AuthenticatorListView (from `./Modules/Feature/AuthenticatorList/AuthenticatorListView`)
  - Clock (from `./Modules/Business/Clock`)
  - FileSystemPersistentStorage (from `./Modules/Infrastructure/FileSystemPersistentStorage`)
  - FileSystemPersistentStorage/Tests (from `./Modules/Infrastructure/FileSystemPersistentStorage`)
  - Firebase/Analytics (~> 8.11.0)
  - Firebase/Crashlytics (~> 8.11.0)
  - Resolver (~> 1.5.0)
  - SwiftOTP (~> 3.0.0)
  - UIKitNavigator (from `./Modules/Infrastructure/UIKitNavigator`)

SPEC REPOS:
  trunk:
    - Firebase
    - FirebaseAnalytics
    - FirebaseCore
    - FirebaseCoreDiagnostics
    - FirebaseCrashlytics
    - FirebaseInstallations
    - GoogleAppMeasurement
    - GoogleDataTransport
    - GoogleUtilities
    - nanopb
    - PromisesObjC
    - Resolver
    - SwiftOTP

EXTERNAL SOURCES:
  AccountRepository:
    :path: "./Modules/Business/AccountRepository"
  AddAccountBusiness:
    :path: "./Modules/Feature/AddAccount/AddAccountBusiness"
  AddAccountView:
    :path: "./Modules/Feature/AddAccount/AddAccountView"
  AuthenticatorListBusiness:
    :path: "./Modules/Feature/AuthenticatorList/AuthenticatorListBusiness"
  AuthenticatorListView:
    :path: "./Modules/Feature/AuthenticatorList/AuthenticatorListView"
  Clock:
    :path: "./Modules/Business/Clock"
  FileSystemPersistentStorage:
    :path: "./Modules/Infrastructure/FileSystemPersistentStorage"
  UIKitNavigator:
    :path: "./Modules/Infrastructure/UIKitNavigator"

SPEC CHECKSUMS:
  AccountRepository: adb831762f3d732619331df0ac57b07eeafec0a3
  AddAccountBusiness: ea0a39d43a1bef6921ee6ef54ee58b8ed386aa2a
  AddAccountView: b1d60199fa0985afd740e159569ebdbe4b14d3a2
  AuthenticatorListBusiness: 0eec0ad4dc7916cece183f583f19043bdc535076
  AuthenticatorListView: 314104f2eb07b437fb4b1f0c3e369cf57589ee2c
  Clock: b61160079298986b87ccfe2814ad8a80005dec89
  FileSystemPersistentStorage: 9d1f5defe44dba07c35140513feb53e994f61dd8
  Firebase: 44dd9724c84df18b486639e874f31436eaa9a20c
  FirebaseAnalytics: 4e4b13031034e6561ed3bd1d47b6fdabbd6487c6
  FirebaseCore: 2f4f85b453cc8fea4bb2b37e370007d2bcafe3f0
  FirebaseCoreDiagnostics: 92e07a649aeb66352b319d43bdd2ee3942af84cb
  FirebaseCrashlytics: 62268addefae79601057818156e8bc69d71fee41
  FirebaseInstallations: 40bd9054049b2eae9a2c38ef1c3dd213df3605cd
  GoogleAppMeasurement: aa3cb422fab2b05d2efac543a5720d1a85b9dea5
  GoogleDataTransport: 629c20a4d363167143f30ea78320d5a7eb8bd940
  GoogleUtilities: e0913149f6b0625b553d70dae12b49fc62914fd1
  nanopb: a0ba3315591a9ae0a16a309ee504766e90db0c96
  PromisesObjC: 99b6f43f9e1044bd87a95a60beff28c2c44ddb72
  Resolver: 68984624572763018fd8ec7b8e3e8df0e3b6bba5
  SwiftOTP: ec3848f12a4541f29d96f6a0fe63dcbb8448d96f
  UIKitNavigator: 879873460b825a1d3975e3da63cd3f8ee8becce7

PODFILE CHECKSUM: cb1266936d4077f8cef088d0384e462a8d9d8a7e

COCOAPODS: 1.11.2
