// !$*UTF8*$!
{
	archiveVersion = 1;
	classes = {
	};
	objectVersion = 55;
	objects = {

/* Begin PBXBuildFile section */
		B02189692831401600918B8D /* Authenticator_iOS_IntegrationTests.swift in Sources */ = {isa = PBXBuildFile; fileRef = B02189682831401600918B8D /* Authenticator_iOS_IntegrationTests.swift */; };
		B02189712831559D00918B8D /* AuthenticatorAnalytics.swift in Sources */ = {isa = PBXBuildFile; fileRef = B02189702831559D00918B8D /* AuthenticatorAnalytics.swift */; };
		B0218973283159E000918B8D /* Segment.xcframework in Frameworks */ = {isa = PBXBuildFile; fileRef = B0218972283159E000918B8D /* Segment.xcframework */; };
		B0218974283159E000918B8D /* Segment.xcframework in Embed Frameworks */ = {isa = PBXBuildFile; fileRef = B0218972283159E000918B8D /* Segment.xcframework */; settings = {ATTRIBUTES = (CodeSignOnCopy, RemoveHeadersOnCopy, ); }; };
		B02189772831748100918B8D /* Analytics+AddAccount.swift in Sources */ = {isa = PBXBuildFile; fileRef = B02189762831748100918B8D /* Analytics+AddAccount.swift */; };
		B025FDCE282FBAC4008D1DF1 /* Resolver.xcframework in Frameworks */ = {isa = PBXBuildFile; fileRef = B025FDCC282FBAC4008D1DF1 /* Resolver.xcframework */; };
		B025FDCF282FBAC4008D1DF1 /* Resolver.xcframework in Embed Frameworks */ = {isa = PBXBuildFile; fileRef = B025FDCC282FBAC4008D1DF1 /* Resolver.xcframework */; settings = {ATTRIBUTES = (CodeSignOnCopy, RemoveHeadersOnCopy, ); }; };
		B025FDD0282FBAC4008D1DF1 /* SwiftOTP.xcframework in Frameworks */ = {isa = PBXBuildFile; fileRef = B025FDCD282FBAC4008D1DF1 /* SwiftOTP.xcframework */; };
		B025FDD1282FBAC4008D1DF1 /* SwiftOTP.xcframework in Embed Frameworks */ = {isa = PBXBuildFile; fileRef = B025FDCD282FBAC4008D1DF1 /* SwiftOTP.xcframework */; settings = {ATTRIBUTES = (CodeSignOnCopy, RemoveHeadersOnCopy, ); }; };
		B025FDD3282FCB9D008D1DF1 /* Resolver+Dependencies.swift in Sources */ = {isa = PBXBuildFile; fileRef = B025FDD2282FCB9D008D1DF1 /* Resolver+Dependencies.swift */; };
		B025FDD5282FCC88008D1DF1 /* Threading.swift in Sources */ = {isa = PBXBuildFile; fileRef = B025FDD4282FCC88008D1DF1 /* Threading.swift */; };
		B025FDD7282FD353008D1DF1 /* ListComposer.swift in Sources */ = {isa = PBXBuildFile; fileRef = B025FDD6282FD353008D1DF1 /* ListComposer.swift */; };
		B025FDD9282FD5F6008D1DF1 /* AuthenticatorTOTPProvider.swift in Sources */ = {isa = PBXBuildFile; fileRef = B025FDD8282FD5F6008D1DF1 /* AuthenticatorTOTPProvider.swift */; };
		B06A5FCF282FFDF100433C58 /* AuthenticatorListPresenterServiceAdapter.swift in Sources */ = {isa = PBXBuildFile; fileRef = B06A5FCE282FFDF100433C58 /* AuthenticatorListPresenterServiceAdapter.swift */; };
		B06A5FD1282FFE1A00433C58 /* AuthenticatorListOutputAdapter.swift in Sources */ = {isa = PBXBuildFile; fileRef = B06A5FD0282FFE1A00433C58 /* AuthenticatorListOutputAdapter.swift */; };
		B06A5FD52830111D00433C58 /* AccountRepositoryExtensions.swift in Sources */ = {isa = PBXBuildFile; fileRef = B06A5FD42830111D00433C58 /* AccountRepositoryExtensions.swift */; };
		B06A5FD82830115700433C58 /* FileSystemPersistentStorage+Extensions.swift in Sources */ = {isa = PBXBuildFile; fileRef = B06A5FD72830115700433C58 /* FileSystemPersistentStorage+Extensions.swift */; };
		B06A5FDD283047C800433C58 /* AddAccountComposer.swift in Sources */ = {isa = PBXBuildFile; fileRef = B06A5FDC283047C800433C58 /* AddAccountComposer.swift */; };
		B06A5FE12830525D00433C58 /* UIKitHelpers.swift in Sources */ = {isa = PBXBuildFile; fileRef = B06A5FE02830525D00433C58 /* UIKitHelpers.swift */; };
		B06A5FE32830531F00433C58 /* SceneDelegate+AuthenticatorList.swift in Sources */ = {isa = PBXBuildFile; fileRef = B06A5FE22830531F00433C58 /* SceneDelegate+AuthenticatorList.swift */; };
		B06A5FE52830532F00433C58 /* SceneDelegate+AddAccount.swift in Sources */ = {isa = PBXBuildFile; fileRef = B06A5FE42830532F00433C58 /* SceneDelegate+AddAccount.swift */; };
		B06A5FE7283069C700433C58 /* AddAccountSaveServiceAdapter.swift in Sources */ = {isa = PBXBuildFile; fileRef = B06A5FE6283069C700433C58 /* AddAccountSaveServiceAdapter.swift */; };
		B06A5FE9283075D800433C58 /* AddAccountEvent.swift in Sources */ = {isa = PBXBuildFile; fileRef = B06A5FE8283075D800433C58 /* AddAccountEvent.swift */; };
		B06A5FEB28307F2700433C58 /* WeakRefProxy.swift in Sources */ = {isa = PBXBuildFile; fileRef = B06A5FEA28307F2700433C58 /* WeakRefProxy.swift */; };
		B06A5FED2830842F00433C58 /* AppEvent.swift in Sources */ = {isa = PBXBuildFile; fileRef = B06A5FEC2830842F00433C58 /* AppEvent.swift */; };
		B06A5FEF2830878D00433C58 /* SwiftUIHelpers.swift in Sources */ = {isa = PBXBuildFile; fileRef = B06A5FEE2830878D00433C58 /* SwiftUIHelpers.swift */; };
		B06A5FF4283092C800433C58 /* Account.swift in Sources */ = {isa = PBXBuildFile; fileRef = B06A5FF3283092C800433C58 /* Account.swift */; };
		B0B2B961282FB78900BB7E00 /* AppDelegate.swift in Sources */ = {isa = PBXBuildFile; fileRef = B0B2B960282FB78900BB7E00 /* AppDelegate.swift */; };
		B0B2B963282FB78900BB7E00 /* SceneDelegate.swift in Sources */ = {isa = PBXBuildFile; fileRef = B0B2B962282FB78900BB7E00 /* SceneDelegate.swift */; };
		B0B2B96A282FB78900BB7E00 /* Assets.xcassets in Resources */ = {isa = PBXBuildFile; fileRef = B0B2B969282FB78900BB7E00 /* Assets.xcassets */; };
		B0B2B96D282FB78900BB7E00 /* LaunchScreen.storyboard in Resources */ = {isa = PBXBuildFile; fileRef = B0B2B96B282FB78900BB7E00 /* LaunchScreen.storyboard */; };
		B0B2B97C282FB7C900BB7E00 /* AccountRepository.framework in Frameworks */ = {isa = PBXBuildFile; fileRef = B0B2B975282FB7C900BB7E00 /* AccountRepository.framework */; };
		B0B2B97D282FB7C900BB7E00 /* AccountRepository.framework in Embed Frameworks */ = {isa = PBXBuildFile; fileRef = B0B2B975282FB7C900BB7E00 /* AccountRepository.framework */; settings = {ATTRIBUTES = (CodeSignOnCopy, RemoveHeadersOnCopy, ); }; };
		B0B2B97E282FB7C900BB7E00 /* AddAccountBusiness.framework in Frameworks */ = {isa = PBXBuildFile; fileRef = B0B2B976282FB7C900BB7E00 /* AddAccountBusiness.framework */; };
		B0B2B97F282FB7C900BB7E00 /* AddAccountBusiness.framework in Embed Frameworks */ = {isa = PBXBuildFile; fileRef = B0B2B976282FB7C900BB7E00 /* AddAccountBusiness.framework */; settings = {ATTRIBUTES = (CodeSignOnCopy, RemoveHeadersOnCopy, ); }; };
		B0B2B980282FB7C900BB7E00 /* AddAccountView.framework in Frameworks */ = {isa = PBXBuildFile; fileRef = B0B2B977282FB7C900BB7E00 /* AddAccountView.framework */; };
		B0B2B981282FB7C900BB7E00 /* AddAccountView.framework in Embed Frameworks */ = {isa = PBXBuildFile; fileRef = B0B2B977282FB7C900BB7E00 /* AddAccountView.framework */; settings = {ATTRIBUTES = (CodeSignOnCopy, RemoveHeadersOnCopy, ); }; };
		B0B2B982282FB7C900BB7E00 /* AuthenticatorListBusiness.framework in Frameworks */ = {isa = PBXBuildFile; fileRef = B0B2B978282FB7C900BB7E00 /* AuthenticatorListBusiness.framework */; };
		B0B2B983282FB7C900BB7E00 /* AuthenticatorListBusiness.framework in Embed Frameworks */ = {isa = PBXBuildFile; fileRef = B0B2B978282FB7C900BB7E00 /* AuthenticatorListBusiness.framework */; settings = {ATTRIBUTES = (CodeSignOnCopy, RemoveHeadersOnCopy, ); }; };
		B0B2B984282FB7C900BB7E00 /* AuthenticatorListView.framework in Frameworks */ = {isa = PBXBuildFile; fileRef = B0B2B979282FB7C900BB7E00 /* AuthenticatorListView.framework */; };
		B0B2B985282FB7C900BB7E00 /* AuthenticatorListView.framework in Embed Frameworks */ = {isa = PBXBuildFile; fileRef = B0B2B979282FB7C900BB7E00 /* AuthenticatorListView.framework */; settings = {ATTRIBUTES = (CodeSignOnCopy, RemoveHeadersOnCopy, ); }; };
		B0B2B986282FB7C900BB7E00 /* Clock.framework in Frameworks */ = {isa = PBXBuildFile; fileRef = B0B2B97A282FB7C900BB7E00 /* Clock.framework */; };
		B0B2B987282FB7C900BB7E00 /* Clock.framework in Embed Frameworks */ = {isa = PBXBuildFile; fileRef = B0B2B97A282FB7C900BB7E00 /* Clock.framework */; settings = {ATTRIBUTES = (CodeSignOnCopy, RemoveHeadersOnCopy, ); }; };
		B0B2B988282FB7C900BB7E00 /* FileSystemPersistentStorage.framework in Frameworks */ = {isa = PBXBuildFile; fileRef = B0B2B97B282FB7C900BB7E00 /* FileSystemPersistentStorage.framework */; };
		B0B2B989282FB7C900BB7E00 /* FileSystemPersistentStorage.framework in Embed Frameworks */ = {isa = PBXBuildFile; fileRef = B0B2B97B282FB7C900BB7E00 /* FileSystemPersistentStorage.framework */; settings = {ATTRIBUTES = (CodeSignOnCopy, RemoveHeadersOnCopy, ); }; };
/* End PBXBuildFile section */

/* Begin PBXContainerItemProxy section */
		B021896D2831401B00918B8D /* PBXContainerItemProxy */ = {
			isa = PBXContainerItemProxy;
			containerPortal = B0B2B955282FB78900BB7E00 /* Project object */;
			proxyType = 1;
			remoteGlobalIDString = B0B2B95C282FB78900BB7E00;
			remoteInfo = "Authenticator-iOS";
		};
/* End PBXContainerItemProxy section */

/* Begin PBXCopyFilesBuildPhase section */
		B0B2B98A282FB7C900BB7E00 /* Embed Frameworks */ = {
			isa = PBXCopyFilesBuildPhase;
			buildActionMask = 2147483647;
			dstPath = "";
			dstSubfolderSpec = 10;
			files = (
				B0B2B97F282FB7C900BB7E00 /* AddAccountBusiness.framework in Embed Frameworks */,
				B0B2B97D282FB7C900BB7E00 /* AccountRepository.framework in Embed Frameworks */,
				B0B2B983282FB7C900BB7E00 /* AuthenticatorListBusiness.framework in Embed Frameworks */,
				B025FDD1282FBAC4008D1DF1 /* SwiftOTP.xcframework in Embed Frameworks */,
				B0B2B985282FB7C900BB7E00 /* AuthenticatorListView.framework in Embed Frameworks */,
				B0B2B981282FB7C900BB7E00 /* AddAccountView.framework in Embed Frameworks */,
				B025FDCF282FBAC4008D1DF1 /* Resolver.xcframework in Embed Frameworks */,
				B0B2B987282FB7C900BB7E00 /* Clock.framework in Embed Frameworks */,
				B0B2B989282FB7C900BB7E00 /* FileSystemPersistentStorage.framework in Embed Frameworks */,
				B0218974283159E000918B8D /* Segment.xcframework in Embed Frameworks */,
			);
			name = "Embed Frameworks";
			runOnlyForDeploymentPostprocessing = 0;
		};
/* End PBXCopyFilesBuildPhase section */

/* Begin PBXFileReference section */
		B02189662831401600918B8D /* Authenticator-iOS IntegrationTests.xctest */ = {isa = PBXFileReference; explicitFileType = wrapper.cfbundle; includeInIndex = 0; path = "Authenticator-iOS IntegrationTests.xctest"; sourceTree = BUILT_PRODUCTS_DIR; };
		B02189682831401600918B8D /* Authenticator_iOS_IntegrationTests.swift */ = {isa = PBXFileReference; lastKnownFileType = sourcecode.swift; path = Authenticator_iOS_IntegrationTests.swift; sourceTree = "<group>"; };
		B02189702831559D00918B8D /* AuthenticatorAnalytics.swift */ = {isa = PBXFileReference; lastKnownFileType = sourcecode.swift; path = AuthenticatorAnalytics.swift; sourceTree = "<group>"; };
		B0218972283159E000918B8D /* Segment.xcframework */ = {isa = PBXFileReference; lastKnownFileType = wrapper.xcframework; name = Segment.xcframework; path = ../Carthage/Build/Segment.xcframework; sourceTree = "<group>"; };
		B02189762831748100918B8D /* Analytics+AddAccount.swift */ = {isa = PBXFileReference; lastKnownFileType = sourcecode.swift; path = "Analytics+AddAccount.swift"; sourceTree = "<group>"; };
		B025FDCC282FBAC4008D1DF1 /* Resolver.xcframework */ = {isa = PBXFileReference; lastKnownFileType = wrapper.xcframework; name = Resolver.xcframework; path = ../Carthage/Build/Resolver.xcframework; sourceTree = "<group>"; };
		B025FDCD282FBAC4008D1DF1 /* SwiftOTP.xcframework */ = {isa = PBXFileReference; lastKnownFileType = wrapper.xcframework; name = SwiftOTP.xcframework; path = ../Carthage/Build/SwiftOTP.xcframework; sourceTree = "<group>"; };
		B025FDD2282FCB9D008D1DF1 /* Resolver+Dependencies.swift */ = {isa = PBXFileReference; lastKnownFileType = sourcecode.swift; path = "Resolver+Dependencies.swift"; sourceTree = "<group>"; };
		B025FDD4282FCC88008D1DF1 /* Threading.swift */ = {isa = PBXFileReference; lastKnownFileType = sourcecode.swift; path = Threading.swift; sourceTree = "<group>"; };
		B025FDD6282FD353008D1DF1 /* ListComposer.swift */ = {isa = PBXFileReference; lastKnownFileType = sourcecode.swift; path = ListComposer.swift; sourceTree = "<group>"; };
		B025FDD8282FD5F6008D1DF1 /* AuthenticatorTOTPProvider.swift */ = {isa = PBXFileReference; lastKnownFileType = sourcecode.swift; path = AuthenticatorTOTPProvider.swift; sourceTree = "<group>"; };
		B06A5FCE282FFDF100433C58 /* AuthenticatorListPresenterServiceAdapter.swift */ = {isa = PBXFileReference; lastKnownFileType = sourcecode.swift; path = AuthenticatorListPresenterServiceAdapter.swift; sourceTree = "<group>"; };
		B06A5FD0282FFE1A00433C58 /* AuthenticatorListOutputAdapter.swift */ = {isa = PBXFileReference; lastKnownFileType = sourcecode.swift; path = AuthenticatorListOutputAdapter.swift; sourceTree = "<group>"; };
		B06A5FD42830111D00433C58 /* AccountRepositoryExtensions.swift */ = {isa = PBXFileReference; lastKnownFileType = sourcecode.swift; path = AccountRepositoryExtensions.swift; sourceTree = "<group>"; };
		B06A5FD72830115700433C58 /* FileSystemPersistentStorage+Extensions.swift */ = {isa = PBXFileReference; lastKnownFileType = sourcecode.swift; path = "FileSystemPersistentStorage+Extensions.swift"; sourceTree = "<group>"; };
		B06A5FDC283047C800433C58 /* AddAccountComposer.swift */ = {isa = PBXFileReference; lastKnownFileType = sourcecode.swift; path = AddAccountComposer.swift; sourceTree = "<group>"; };
		B06A5FE02830525D00433C58 /* UIKitHelpers.swift */ = {isa = PBXFileReference; lastKnownFileType = sourcecode.swift; path = UIKitHelpers.swift; sourceTree = "<group>"; };
		B06A5FE22830531F00433C58 /* SceneDelegate+AuthenticatorList.swift */ = {isa = PBXFileReference; lastKnownFileType = sourcecode.swift; path = "SceneDelegate+AuthenticatorList.swift"; sourceTree = "<group>"; };
		B06A5FE42830532F00433C58 /* SceneDelegate+AddAccount.swift */ = {isa = PBXFileReference; lastKnownFileType = sourcecode.swift; path = "SceneDelegate+AddAccount.swift"; sourceTree = "<group>"; };
		B06A5FE6283069C700433C58 /* AddAccountSaveServiceAdapter.swift */ = {isa = PBXFileReference; lastKnownFileType = sourcecode.swift; path = AddAccountSaveServiceAdapter.swift; sourceTree = "<group>"; };
		B06A5FE8283075D800433C58 /* AddAccountEvent.swift */ = {isa = PBXFileReference; lastKnownFileType = sourcecode.swift; path = AddAccountEvent.swift; sourceTree = "<group>"; };
		B06A5FEA28307F2700433C58 /* WeakRefProxy.swift */ = {isa = PBXFileReference; lastKnownFileType = sourcecode.swift; path = WeakRefProxy.swift; sourceTree = "<group>"; };
		B06A5FEC2830842F00433C58 /* AppEvent.swift */ = {isa = PBXFileReference; lastKnownFileType = sourcecode.swift; path = AppEvent.swift; sourceTree = "<group>"; };
		B06A5FEE2830878D00433C58 /* SwiftUIHelpers.swift */ = {isa = PBXFileReference; lastKnownFileType = sourcecode.swift; path = SwiftUIHelpers.swift; sourceTree = "<group>"; };
		B06A5FF3283092C800433C58 /* Account.swift */ = {isa = PBXFileReference; fileEncoding = 4; lastKnownFileType = sourcecode.swift; path = Account.swift; sourceTree = "<group>"; };
		B0B2B95D282FB78900BB7E00 /* Authenticator-iOS.app */ = {isa = PBXFileReference; explicitFileType = wrapper.application; includeInIndex = 0; path = "Authenticator-iOS.app"; sourceTree = BUILT_PRODUCTS_DIR; };
		B0B2B960282FB78900BB7E00 /* AppDelegate.swift */ = {isa = PBXFileReference; lastKnownFileType = sourcecode.swift; path = AppDelegate.swift; sourceTree = "<group>"; };
		B0B2B962282FB78900BB7E00 /* SceneDelegate.swift */ = {isa = PBXFileReference; lastKnownFileType = sourcecode.swift; path = SceneDelegate.swift; sourceTree = "<group>"; };
		B0B2B969282FB78900BB7E00 /* Assets.xcassets */ = {isa = PBXFileReference; lastKnownFileType = folder.assetcatalog; path = Assets.xcassets; sourceTree = "<group>"; };
		B0B2B96C282FB78900BB7E00 /* Base */ = {isa = PBXFileReference; lastKnownFileType = file.storyboard; name = Base; path = Base.lproj/LaunchScreen.storyboard; sourceTree = "<group>"; };
		B0B2B96E282FB78900BB7E00 /* Info.plist */ = {isa = PBXFileReference; lastKnownFileType = text.plist.xml; path = Info.plist; sourceTree = "<group>"; };
		B0B2B975282FB7C900BB7E00 /* AccountRepository.framework */ = {isa = PBXFileReference; explicitFileType = wrapper.framework; path = AccountRepository.framework; sourceTree = BUILT_PRODUCTS_DIR; };
		B0B2B976282FB7C900BB7E00 /* AddAccountBusiness.framework */ = {isa = PBXFileReference; explicitFileType = wrapper.framework; path = AddAccountBusiness.framework; sourceTree = BUILT_PRODUCTS_DIR; };
		B0B2B977282FB7C900BB7E00 /* AddAccountView.framework */ = {isa = PBXFileReference; explicitFileType = wrapper.framework; path = AddAccountView.framework; sourceTree = BUILT_PRODUCTS_DIR; };
		B0B2B978282FB7C900BB7E00 /* AuthenticatorListBusiness.framework */ = {isa = PBXFileReference; explicitFileType = wrapper.framework; path = AuthenticatorListBusiness.framework; sourceTree = BUILT_PRODUCTS_DIR; };
		B0B2B979282FB7C900BB7E00 /* AuthenticatorListView.framework */ = {isa = PBXFileReference; explicitFileType = wrapper.framework; path = AuthenticatorListView.framework; sourceTree = BUILT_PRODUCTS_DIR; };
		B0B2B97A282FB7C900BB7E00 /* Clock.framework */ = {isa = PBXFileReference; explicitFileType = wrapper.framework; path = Clock.framework; sourceTree = BUILT_PRODUCTS_DIR; };
		B0B2B97B282FB7C900BB7E00 /* FileSystemPersistentStorage.framework */ = {isa = PBXFileReference; explicitFileType = wrapper.framework; path = FileSystemPersistentStorage.framework; sourceTree = BUILT_PRODUCTS_DIR; };
/* End PBXFileReference section */

/* Begin PBXFrameworksBuildPhase section */
		B02189632831401600918B8D /* Frameworks */ = {
			isa = PBXFrameworksBuildPhase;
			buildActionMask = 2147483647;
			files = (
			);
			runOnlyForDeploymentPostprocessing = 0;
		};
		B0B2B95A282FB78900BB7E00 /* Frameworks */ = {
			isa = PBXFrameworksBuildPhase;
			buildActionMask = 2147483647;
			files = (
				B0B2B97E282FB7C900BB7E00 /* AddAccountBusiness.framework in Frameworks */,
				B0B2B97C282FB7C900BB7E00 /* AccountRepository.framework in Frameworks */,
				B0B2B982282FB7C900BB7E00 /* AuthenticatorListBusiness.framework in Frameworks */,
				B025FDD0282FBAC4008D1DF1 /* SwiftOTP.xcframework in Frameworks */,
				B0B2B984282FB7C900BB7E00 /* AuthenticatorListView.framework in Frameworks */,
				B0B2B980282FB7C900BB7E00 /* AddAccountView.framework in Frameworks */,
				B025FDCE282FBAC4008D1DF1 /* Resolver.xcframework in Frameworks */,
				B0B2B986282FB7C900BB7E00 /* Clock.framework in Frameworks */,
				B0B2B988282FB7C900BB7E00 /* FileSystemPersistentStorage.framework in Frameworks */,
				B0218973283159E000918B8D /* Segment.xcframework in Frameworks */,
			);
			runOnlyForDeploymentPostprocessing = 0;
		};
/* End PBXFrameworksBuildPhase section */

/* Begin PBXGroup section */
		B02189672831401600918B8D /* Authenticator-iOS IntegrationTests */ = {
			isa = PBXGroup;
			children = (
				B02189682831401600918B8D /* Authenticator_iOS_IntegrationTests.swift */,
			);
			path = "Authenticator-iOS IntegrationTests";
			sourceTree = "<group>";
		};
		B021896F2831558300918B8D /* ThirdParty */ = {
			isa = PBXGroup;
			children = (
				B025FDD8282FD5F6008D1DF1 /* AuthenticatorTOTPProvider.swift */,
				B02189702831559D00918B8D /* AuthenticatorAnalytics.swift */,
			);
			path = ThirdParty;
			sourceTree = "<group>";
		};
		B06A5FCD282FFDE200433C58 /* List */ = {
			isa = PBXGroup;
			children = (
				B025FDD6282FD353008D1DF1 /* ListComposer.swift */,
				B06A5FCE282FFDF100433C58 /* AuthenticatorListPresenterServiceAdapter.swift */,
				B06A5FD0282FFE1A00433C58 /* AuthenticatorListOutputAdapter.swift */,
				B06A5FE22830531F00433C58 /* SceneDelegate+AuthenticatorList.swift */,
			);
			path = List;
			sourceTree = "<group>";
		};
		B06A5FD2283010FC00433C58 /* Integrations */ = {
			isa = PBXGroup;
			children = (
				B025FDD2282FCB9D008D1DF1 /* Resolver+Dependencies.swift */,
				B021896F2831558300918B8D /* ThirdParty */,
				B06A5FCD282FFDE200433C58 /* List */,
				B06A5FDB283047BE00433C58 /* AddAccount */,
				B06A5FD62830113E00433C58 /* FileSystemPersistentStorage */,
				B06A5FD32830110700433C58 /* AccountRepository */,
			);
			path = Integrations;
			sourceTree = "<group>";
		};
		B06A5FD32830110700433C58 /* AccountRepository */ = {
			isa = PBXGroup;
			children = (
				B06A5FF3283092C800433C58 /* Account.swift */,
				B06A5FD42830111D00433C58 /* AccountRepositoryExtensions.swift */,
			);
			path = AccountRepository;
			sourceTree = "<group>";
		};
		B06A5FD62830113E00433C58 /* FileSystemPersistentStorage */ = {
			isa = PBXGroup;
			children = (
				B06A5FD72830115700433C58 /* FileSystemPersistentStorage+Extensions.swift */,
			);
			path = FileSystemPersistentStorage;
			sourceTree = "<group>";
		};
		B06A5FD928303BA800433C58 /* App */ = {
			isa = PBXGroup;
			children = (
				B0B2B960282FB78900BB7E00 /* AppDelegate.swift */,
				B0B2B962282FB78900BB7E00 /* SceneDelegate.swift */,
				B06A5FEC2830842F00433C58 /* AppEvent.swift */,
			);
			path = App;
			sourceTree = "<group>";
		};
		B06A5FDA28303BB300433C58 /* Utilities */ = {
			isa = PBXGroup;
			children = (
				B025FDD4282FCC88008D1DF1 /* Threading.swift */,
				B06A5FE02830525D00433C58 /* UIKitHelpers.swift */,
				B06A5FEA28307F2700433C58 /* WeakRefProxy.swift */,
				B06A5FEE2830878D00433C58 /* SwiftUIHelpers.swift */,
			);
			path = Utilities;
			sourceTree = "<group>";
		};
		B06A5FDB283047BE00433C58 /* AddAccount */ = {
			isa = PBXGroup;
			children = (
				B06A5FDC283047C800433C58 /* AddAccountComposer.swift */,
				B06A5FE6283069C700433C58 /* AddAccountSaveServiceAdapter.swift */,
				B06A5FE8283075D800433C58 /* AddAccountEvent.swift */,
				B02189762831748100918B8D /* Analytics+AddAccount.swift */,
				B06A5FE42830532F00433C58 /* SceneDelegate+AddAccount.swift */,
			);
			path = AddAccount;
			sourceTree = "<group>";
		};
		B0B2B954282FB78900BB7E00 = {
			isa = PBXGroup;
			children = (
				B0B2B95F282FB78900BB7E00 /* Authenticator-iOS */,
				B02189672831401600918B8D /* Authenticator-iOS IntegrationTests */,
				B0B2B95E282FB78900BB7E00 /* Products */,
				B0B2B974282FB7C900BB7E00 /* Frameworks */,
			);
			sourceTree = "<group>";
		};
		B0B2B95E282FB78900BB7E00 /* Products */ = {
			isa = PBXGroup;
			children = (
				B0B2B95D282FB78900BB7E00 /* Authenticator-iOS.app */,
				B02189662831401600918B8D /* Authenticator-iOS IntegrationTests.xctest */,
			);
			name = Products;
			sourceTree = "<group>";
		};
		B0B2B95F282FB78900BB7E00 /* Authenticator-iOS */ = {
			isa = PBXGroup;
			children = (
				B06A5FDA28303BB300433C58 /* Utilities */,
				B06A5FD928303BA800433C58 /* App */,
				B06A5FD2283010FC00433C58 /* Integrations */,
				B0B2B969282FB78900BB7E00 /* Assets.xcassets */,
				B0B2B96B282FB78900BB7E00 /* LaunchScreen.storyboard */,
				B0B2B96E282FB78900BB7E00 /* Info.plist */,
			);
			path = "Authenticator-iOS";
			sourceTree = "<group>";
		};
		B0B2B974282FB7C900BB7E00 /* Frameworks */ = {
			isa = PBXGroup;
			children = (
				B0218972283159E000918B8D /* Segment.xcframework */,
				B025FDCC282FBAC4008D1DF1 /* Resolver.xcframework */,
				B025FDCD282FBAC4008D1DF1 /* SwiftOTP.xcframework */,
				B0B2B975282FB7C900BB7E00 /* AccountRepository.framework */,
				B0B2B976282FB7C900BB7E00 /* AddAccountBusiness.framework */,
				B0B2B977282FB7C900BB7E00 /* AddAccountView.framework */,
				B0B2B978282FB7C900BB7E00 /* AuthenticatorListBusiness.framework */,
				B0B2B979282FB7C900BB7E00 /* AuthenticatorListView.framework */,
				B0B2B97A282FB7C900BB7E00 /* Clock.framework */,
				B0B2B97B282FB7C900BB7E00 /* FileSystemPersistentStorage.framework */,
			);
			name = Frameworks;
			sourceTree = "<group>";
		};
/* End PBXGroup section */

/* Begin PBXNativeTarget section */
		B02189652831401600918B8D /* Authenticator-iOS IntegrationTests */ = {
			isa = PBXNativeTarget;
			buildConfigurationList = B021896A2831401600918B8D /* Build configuration list for PBXNativeTarget "Authenticator-iOS IntegrationTests" */;
			buildPhases = (
				B02189622831401600918B8D /* Sources */,
				B02189632831401600918B8D /* Frameworks */,
				B02189642831401600918B8D /* Resources */,
			);
			buildRules = (
			);
			dependencies = (
				B021896E2831401B00918B8D /* PBXTargetDependency */,
			);
			name = "Authenticator-iOS IntegrationTests";
			productName = "Authenticator-iOS IntegrationTests";
			productReference = B02189662831401600918B8D /* Authenticator-iOS IntegrationTests.xctest */;
			productType = "com.apple.product-type.bundle.unit-test";
		};
		B0B2B95C282FB78900BB7E00 /* Authenticator-iOS */ = {
			isa = PBXNativeTarget;
			buildConfigurationList = B0B2B971282FB78900BB7E00 /* Build configuration list for PBXNativeTarget "Authenticator-iOS" */;
			buildPhases = (
				B0B2B959282FB78900BB7E00 /* Sources */,
				B0B2B95A282FB78900BB7E00 /* Frameworks */,
				B0B2B95B282FB78900BB7E00 /* Resources */,
				B0B2B98A282FB7C900BB7E00 /* Embed Frameworks */,
				B025FDCB282FB86E008D1DF1 /* Swiftlint */,
			);
			buildRules = (
			);
			dependencies = (
			);
			name = "Authenticator-iOS";
			productName = "Authenticator-iOS";
			productReference = B0B2B95D282FB78900BB7E00 /* Authenticator-iOS.app */;
			productType = "com.apple.product-type.application";
		};
/* End PBXNativeTarget section */

/* Begin PBXProject section */
		B0B2B955282FB78900BB7E00 /* Project object */ = {
			isa = PBXProject;
			attributes = {
				BuildIndependentTargetsInParallel = 1;
				LastSwiftUpdateCheck = 1330;
				LastUpgradeCheck = 1330;
				TargetAttributes = {
					B02189652831401600918B8D = {
						CreatedOnToolsVersion = 13.3.1;
						TestTargetID = B0B2B95C282FB78900BB7E00;
					};
					B0B2B95C282FB78900BB7E00 = {
						CreatedOnToolsVersion = 13.3.1;
					};
				};
			};
			buildConfigurationList = B0B2B958282FB78900BB7E00 /* Build configuration list for PBXProject "Authenticator-iOS" */;
			compatibilityVersion = "Xcode 13.0";
			developmentRegion = en;
			hasScannedForEncodings = 0;
			knownRegions = (
				en,
				Base,
			);
			mainGroup = B0B2B954282FB78900BB7E00;
			productRefGroup = B0B2B95E282FB78900BB7E00 /* Products */;
			projectDirPath = "";
			projectRoot = "";
			targets = (
				B0B2B95C282FB78900BB7E00 /* Authenticator-iOS */,
				B02189652831401600918B8D /* Authenticator-iOS IntegrationTests */,
			);
		};
/* End PBXProject section */

/* Begin PBXResourcesBuildPhase section */
		B02189642831401600918B8D /* Resources */ = {
			isa = PBXResourcesBuildPhase;
			buildActionMask = 2147483647;
			files = (
			);
			runOnlyForDeploymentPostprocessing = 0;
		};
		B0B2B95B282FB78900BB7E00 /* Resources */ = {
			isa = PBXResourcesBuildPhase;
			buildActionMask = 2147483647;
			files = (
				B0B2B96D282FB78900BB7E00 /* LaunchScreen.storyboard in Resources */,
				B0B2B96A282FB78900BB7E00 /* Assets.xcassets in Resources */,
			);
			runOnlyForDeploymentPostprocessing = 0;
		};
/* End PBXResourcesBuildPhase section */

/* Begin PBXShellScriptBuildPhase section */
		B025FDCB282FB86E008D1DF1 /* Swiftlint */ = {
			isa = PBXShellScriptBuildPhase;
			buildActionMask = 2147483647;
			files = (
			);
			inputFileListPaths = (
			);
			inputPaths = (
			);
			name = Swiftlint;
			outputFileListPaths = (
			);
			outputPaths = (
			);
			runOnlyForDeploymentPostprocessing = 0;
			shellPath = /bin/sh;
			shellScript = "# Type a script or drag a script file from your workspace to insert its path.\nexport PATH=\"$PATH:/opt/homebrew/bin\"\nif which swiftlint > /dev/null; then\n  swiftlint --path ../ --config ../.swiftlint.yml\nelse\n  echo \"warning: SwiftLint not installed, download from https://github.com/realm/SwiftLint\"\nfi\n";
		};
/* End PBXShellScriptBuildPhase section */

/* Begin PBXSourcesBuildPhase section */
		B02189622831401600918B8D /* Sources */ = {
			isa = PBXSourcesBuildPhase;
			buildActionMask = 2147483647;
			files = (
				B02189692831401600918B8D /* Authenticator_iOS_IntegrationTests.swift in Sources */,
			);
			runOnlyForDeploymentPostprocessing = 0;
		};
		B0B2B959282FB78900BB7E00 /* Sources */ = {
			isa = PBXSourcesBuildPhase;
			buildActionMask = 2147483647;
			files = (
				B06A5FE12830525D00433C58 /* UIKitHelpers.swift in Sources */,
				B06A5FD1282FFE1A00433C58 /* AuthenticatorListOutputAdapter.swift in Sources */,
				B06A5FE7283069C700433C58 /* AddAccountSaveServiceAdapter.swift in Sources */,
				B06A5FE32830531F00433C58 /* SceneDelegate+AuthenticatorList.swift in Sources */,
				B06A5FD52830111D00433C58 /* AccountRepositoryExtensions.swift in Sources */,
				B06A5FF4283092C800433C58 /* Account.swift in Sources */,
				B06A5FCF282FFDF100433C58 /* AuthenticatorListPresenterServiceAdapter.swift in Sources */,
				B025FDD5282FCC88008D1DF1 /* Threading.swift in Sources */,
				B06A5FEB28307F2700433C58 /* WeakRefProxy.swift in Sources */,
				B025FDD3282FCB9D008D1DF1 /* Resolver+Dependencies.swift in Sources */,
				B06A5FE9283075D800433C58 /* AddAccountEvent.swift in Sources */,
				B0B2B961282FB78900BB7E00 /* AppDelegate.swift in Sources */,
				B06A5FDD283047C800433C58 /* AddAccountComposer.swift in Sources */,
				B025FDD7282FD353008D1DF1 /* ListComposer.swift in Sources */,
				B02189712831559D00918B8D /* AuthenticatorAnalytics.swift in Sources */,
				B06A5FD82830115700433C58 /* FileSystemPersistentStorage+Extensions.swift in Sources */,
				B06A5FE52830532F00433C58 /* SceneDelegate+AddAccount.swift in Sources */,
				B0B2B963282FB78900BB7E00 /* SceneDelegate.swift in Sources */,
				B06A5FEF2830878D00433C58 /* SwiftUIHelpers.swift in Sources */,
				B06A5FED2830842F00433C58 /* AppEvent.swift in Sources */,
				B02189772831748100918B8D /* Analytics+AddAccount.swift in Sources */,
				B025FDD9282FD5F6008D1DF1 /* AuthenticatorTOTPProvider.swift in Sources */,
			);
			runOnlyForDeploymentPostprocessing = 0;
		};
/* End PBXSourcesBuildPhase section */

/* Begin PBXTargetDependency section */
		B021896E2831401B00918B8D /* PBXTargetDependency */ = {
			isa = PBXTargetDependency;
			target = B0B2B95C282FB78900BB7E00 /* Authenticator-iOS */;
			targetProxy = B021896D2831401B00918B8D /* PBXContainerItemProxy */;
		};
/* End PBXTargetDependency section */

/* Begin PBXVariantGroup section */
		B0B2B96B282FB78900BB7E00 /* LaunchScreen.storyboard */ = {
			isa = PBXVariantGroup;
			children = (
				B0B2B96C282FB78900BB7E00 /* Base */,
			);
			name = LaunchScreen.storyboard;
			sourceTree = "<group>";
		};
/* End PBXVariantGroup section */

/* Begin XCBuildConfiguration section */
		B021896B2831401600918B8D /* Debug */ = {
			isa = XCBuildConfiguration;
			buildSettings = {
				CODE_SIGN_STYLE = Automatic;
				CURRENT_PROJECT_VERSION = 1;
				DEVELOPMENT_TEAM = 4W92454MDD;
				GENERATE_INFOPLIST_FILE = YES;
				MACOSX_DEPLOYMENT_TARGET = 12.0;
				MARKETING_VERSION = 1.0;
				PRODUCT_BUNDLE_IDENTIFIER = "com.jenci.Authenticator-iOS-IntegrationTests";
				PRODUCT_NAME = "$(TARGET_NAME)";
				SDKROOT = macosx;
				SWIFT_EMIT_LOC_STRINGS = NO;
				SWIFT_VERSION = 5.0;
				TEST_HOST = "$(BUILT_PRODUCTS_DIR)/Authenticator-iOS.app/Authenticator-iOS";
			};
			name = Debug;
		};
		B021896C2831401600918B8D /* Release */ = {
			isa = XCBuildConfiguration;
			buildSettings = {
				CODE_SIGN_STYLE = Automatic;
				CURRENT_PROJECT_VERSION = 1;
				DEVELOPMENT_TEAM = 4W92454MDD;
				GENERATE_INFOPLIST_FILE = YES;
				MACOSX_DEPLOYMENT_TARGET = 12.0;
				MARKETING_VERSION = 1.0;
				PRODUCT_BUNDLE_IDENTIFIER = "com.jenci.Authenticator-iOS-IntegrationTests";
				PRODUCT_NAME = "$(TARGET_NAME)";
				SDKROOT = macosx;
				SWIFT_EMIT_LOC_STRINGS = NO;
				SWIFT_VERSION = 5.0;
				TEST_HOST = "$(BUILT_PRODUCTS_DIR)/Authenticator-iOS.app/Authenticator-iOS";
			};
			name = Release;
		};
		B0B2B96F282FB78900BB7E00 /* Debug */ = {
			isa = XCBuildConfiguration;
			buildSettings = {
				ALWAYS_SEARCH_USER_PATHS = NO;
				CLANG_ANALYZER_NONNULL = YES;
				CLANG_ANALYZER_NUMBER_OBJECT_CONVERSION = YES_AGGRESSIVE;
				CLANG_CXX_LANGUAGE_STANDARD = "gnu++17";
				CLANG_ENABLE_MODULES = YES;
				CLANG_ENABLE_OBJC_ARC = YES;
				CLANG_ENABLE_OBJC_WEAK = YES;
				CLANG_WARN_BLOCK_CAPTURE_AUTORELEASING = YES;
				CLANG_WARN_BOOL_CONVERSION = YES;
				CLANG_WARN_COMMA = YES;
				CLANG_WARN_CONSTANT_CONVERSION = YES;
				CLANG_WARN_DEPRECATED_OBJC_IMPLEMENTATIONS = YES;
				CLANG_WARN_DIRECT_OBJC_ISA_USAGE = YES_ERROR;
				CLANG_WARN_DOCUMENTATION_COMMENTS = YES;
				CLANG_WARN_EMPTY_BODY = YES;
				CLANG_WARN_ENUM_CONVERSION = YES;
				CLANG_WARN_INFINITE_RECURSION = YES;
				CLANG_WARN_INT_CONVERSION = YES;
				CLANG_WARN_NON_LITERAL_NULL_CONVERSION = YES;
				CLANG_WARN_OBJC_IMPLICIT_RETAIN_SELF = YES;
				CLANG_WARN_OBJC_LITERAL_CONVERSION = YES;
				CLANG_WARN_OBJC_ROOT_CLASS = YES_ERROR;
				CLANG_WARN_QUOTED_INCLUDE_IN_FRAMEWORK_HEADER = YES;
				CLANG_WARN_RANGE_LOOP_ANALYSIS = YES;
				CLANG_WARN_STRICT_PROTOTYPES = YES;
				CLANG_WARN_SUSPICIOUS_MOVE = YES;
				CLANG_WARN_UNGUARDED_AVAILABILITY = YES_AGGRESSIVE;
				CLANG_WARN_UNREACHABLE_CODE = YES;
				CLANG_WARN__DUPLICATE_METHOD_MATCH = YES;
				COPY_PHASE_STRIP = NO;
				DEBUG_INFORMATION_FORMAT = dwarf;
				ENABLE_STRICT_OBJC_MSGSEND = YES;
				ENABLE_TESTABILITY = YES;
				GCC_C_LANGUAGE_STANDARD = gnu11;
				GCC_DYNAMIC_NO_PIC = NO;
				GCC_NO_COMMON_BLOCKS = YES;
				GCC_OPTIMIZATION_LEVEL = 0;
				GCC_PREPROCESSOR_DEFINITIONS = (
					"DEBUG=1",
					"$(inherited)",
				);
				GCC_WARN_64_TO_32_BIT_CONVERSION = YES;
				GCC_WARN_ABOUT_RETURN_TYPE = YES_ERROR;
				GCC_WARN_UNDECLARED_SELECTOR = YES;
				GCC_WARN_UNINITIALIZED_AUTOS = YES_AGGRESSIVE;
				GCC_WARN_UNUSED_FUNCTION = YES;
				GCC_WARN_UNUSED_VARIABLE = YES;
				IPHONEOS_DEPLOYMENT_TARGET = 15.4;
				MTL_ENABLE_DEBUG_INFO = INCLUDE_SOURCE;
				MTL_FAST_MATH = YES;
				ONLY_ACTIVE_ARCH = YES;
				SDKROOT = iphoneos;
				SWIFT_ACTIVE_COMPILATION_CONDITIONS = DEBUG;
				SWIFT_OPTIMIZATION_LEVEL = "-Onone";
			};
			name = Debug;
		};
		B0B2B970282FB78900BB7E00 /* Release */ = {
			isa = XCBuildConfiguration;
			buildSettings = {
				ALWAYS_SEARCH_USER_PATHS = NO;
				CLANG_ANALYZER_NONNULL = YES;
				CLANG_ANALYZER_NUMBER_OBJECT_CONVERSION = YES_AGGRESSIVE;
				CLANG_CXX_LANGUAGE_STANDARD = "gnu++17";
				CLANG_ENABLE_MODULES = YES;
				CLANG_ENABLE_OBJC_ARC = YES;
				CLANG_ENABLE_OBJC_WEAK = YES;
				CLANG_WARN_BLOCK_CAPTURE_AUTORELEASING = YES;
				CLANG_WARN_BOOL_CONVERSION = YES;
				CLANG_WARN_COMMA = YES;
				CLANG_WARN_CONSTANT_CONVERSION = YES;
				CLANG_WARN_DEPRECATED_OBJC_IMPLEMENTATIONS = YES;
				CLANG_WARN_DIRECT_OBJC_ISA_USAGE = YES_ERROR;
				CLANG_WARN_DOCUMENTATION_COMMENTS = YES;
				CLANG_WARN_EMPTY_BODY = YES;
				CLANG_WARN_ENUM_CONVERSION = YES;
				CLANG_WARN_INFINITE_RECURSION = YES;
				CLANG_WARN_INT_CONVERSION = YES;
				CLANG_WARN_NON_LITERAL_NULL_CONVERSION = YES;
				CLANG_WARN_OBJC_IMPLICIT_RETAIN_SELF = YES;
				CLANG_WARN_OBJC_LITERAL_CONVERSION = YES;
				CLANG_WARN_OBJC_ROOT_CLASS = YES_ERROR;
				CLANG_WARN_QUOTED_INCLUDE_IN_FRAMEWORK_HEADER = YES;
				CLANG_WARN_RANGE_LOOP_ANALYSIS = YES;
				CLANG_WARN_STRICT_PROTOTYPES = YES;
				CLANG_WARN_SUSPICIOUS_MOVE = YES;
				CLANG_WARN_UNGUARDED_AVAILABILITY = YES_AGGRESSIVE;
				CLANG_WARN_UNREACHABLE_CODE = YES;
				CLANG_WARN__DUPLICATE_METHOD_MATCH = YES;
				COPY_PHASE_STRIP = NO;
				DEBUG_INFORMATION_FORMAT = "dwarf-with-dsym";
				ENABLE_NS_ASSERTIONS = NO;
				ENABLE_STRICT_OBJC_MSGSEND = YES;
				GCC_C_LANGUAGE_STANDARD = gnu11;
				GCC_NO_COMMON_BLOCKS = YES;
				GCC_WARN_64_TO_32_BIT_CONVERSION = YES;
				GCC_WARN_ABOUT_RETURN_TYPE = YES_ERROR;
				GCC_WARN_UNDECLARED_SELECTOR = YES;
				GCC_WARN_UNINITIALIZED_AUTOS = YES_AGGRESSIVE;
				GCC_WARN_UNUSED_FUNCTION = YES;
				GCC_WARN_UNUSED_VARIABLE = YES;
				IPHONEOS_DEPLOYMENT_TARGET = 15.4;
				MTL_ENABLE_DEBUG_INFO = NO;
				MTL_FAST_MATH = YES;
				SDKROOT = iphoneos;
				SWIFT_COMPILATION_MODE = wholemodule;
				SWIFT_OPTIMIZATION_LEVEL = "-O";
				VALIDATE_PRODUCT = YES;
			};
			name = Release;
		};
		B0B2B972282FB78900BB7E00 /* Debug */ = {
			isa = XCBuildConfiguration;
			buildSettings = {
				ASSETCATALOG_COMPILER_APPICON_NAME = AppIcon;
				ASSETCATALOG_COMPILER_GLOBAL_ACCENT_COLOR_NAME = AccentColor;
				CODE_SIGN_STYLE = Automatic;
				CURRENT_PROJECT_VERSION = 1;
				DEVELOPMENT_TEAM = 4W92454MDD;
				GENERATE_INFOPLIST_FILE = YES;
				INFOPLIST_FILE = "Authenticator-iOS/Info.plist";
				INFOPLIST_KEY_UIApplicationSupportsIndirectInputEvents = YES;
				INFOPLIST_KEY_UILaunchStoryboardName = LaunchScreen;
				INFOPLIST_KEY_UISupportedInterfaceOrientations_iPad = "UIInterfaceOrientationPortrait UIInterfaceOrientationPortraitUpsideDown UIInterfaceOrientationLandscapeLeft UIInterfaceOrientationLandscapeRight";
				INFOPLIST_KEY_UISupportedInterfaceOrientations_iPhone = "UIInterfaceOrientationPortrait UIInterfaceOrientationLandscapeLeft UIInterfaceOrientationLandscapeRight";
				IPHONEOS_DEPLOYMENT_TARGET = 15.0;
				LD_RUNPATH_SEARCH_PATHS = (
					"$(inherited)",
					"@executable_path/Frameworks",
				);
				MARKETING_VERSION = 1.0;
				PRODUCT_BUNDLE_IDENTIFIER = "com.jenci.Authenticator-iOS";
				PRODUCT_NAME = "$(TARGET_NAME)";
				SWIFT_EMIT_LOC_STRINGS = YES;
				SWIFT_VERSION = 5.0;
				TARGETED_DEVICE_FAMILY = "1,2";
			};
			name = Debug;
		};
		B0B2B973282FB78900BB7E00 /* Release */ = {
			isa = XCBuildConfiguration;
			buildSettings = {
				ASSETCATALOG_COMPILER_APPICON_NAME = AppIcon;
				ASSETCATALOG_COMPILER_GLOBAL_ACCENT_COLOR_NAME = AccentColor;
				CODE_SIGN_STYLE = Automatic;
				CURRENT_PROJECT_VERSION = 1;
				DEVELOPMENT_TEAM = 4W92454MDD;
				GENERATE_INFOPLIST_FILE = YES;
				INFOPLIST_FILE = "Authenticator-iOS/Info.plist";
				INFOPLIST_KEY_UIApplicationSupportsIndirectInputEvents = YES;
				INFOPLIST_KEY_UILaunchStoryboardName = LaunchScreen;
				INFOPLIST_KEY_UISupportedInterfaceOrientations_iPad = "UIInterfaceOrientationPortrait UIInterfaceOrientationPortraitUpsideDown UIInterfaceOrientationLandscapeLeft UIInterfaceOrientationLandscapeRight";
				INFOPLIST_KEY_UISupportedInterfaceOrientations_iPhone = "UIInterfaceOrientationPortrait UIInterfaceOrientationLandscapeLeft UIInterfaceOrientationLandscapeRight";
				IPHONEOS_DEPLOYMENT_TARGET = 15.0;
				LD_RUNPATH_SEARCH_PATHS = (
					"$(inherited)",
					"@executable_path/Frameworks",
				);
				MARKETING_VERSION = 1.0;
				PRODUCT_BUNDLE_IDENTIFIER = "com.jenci.Authenticator-iOS";
				PRODUCT_NAME = "$(TARGET_NAME)";
				SWIFT_EMIT_LOC_STRINGS = YES;
				SWIFT_VERSION = 5.0;
				TARGETED_DEVICE_FAMILY = "1,2";
			};
			name = Release;
		};
/* End XCBuildConfiguration section */

/* Begin XCConfigurationList section */
		B021896A2831401600918B8D /* Build configuration list for PBXNativeTarget "Authenticator-iOS IntegrationTests" */ = {
			isa = XCConfigurationList;
			buildConfigurations = (
				B021896B2831401600918B8D /* Debug */,
				B021896C2831401600918B8D /* Release */,
			);
			defaultConfigurationIsVisible = 0;
			defaultConfigurationName = Release;
		};
		B0B2B958282FB78900BB7E00 /* Build configuration list for PBXProject "Authenticator-iOS" */ = {
			isa = XCConfigurationList;
			buildConfigurations = (
				B0B2B96F282FB78900BB7E00 /* Debug */,
				B0B2B970282FB78900BB7E00 /* Release */,
			);
			defaultConfigurationIsVisible = 0;
			defaultConfigurationName = Release;
		};
		B0B2B971282FB78900BB7E00 /* Build configuration list for PBXNativeTarget "Authenticator-iOS" */ = {
			isa = XCConfigurationList;
			buildConfigurations = (
				B0B2B972282FB78900BB7E00 /* Debug */,
				B0B2B973282FB78900BB7E00 /* Release */,
			);
			defaultConfigurationIsVisible = 0;
			defaultConfigurationName = Release;
		};
/* End XCConfigurationList section */
	};
	rootObject = B0B2B955282FB78900BB7E00 /* Project object */;
}
