// !$*UTF8*$!
{
	archiveVersion = 1;
	classes = {
	};
	objectVersion = 55;
	objects = {

/* Begin PBXBuildFile section */
		29B8EF0D513D4617DC205EAA /* Pods_Authenticator_iOSTests.framework in Frameworks */ = {isa = PBXBuildFile; fileRef = F663F2877E8CDF7EC6F8CA14 /* Pods_Authenticator_iOSTests.framework */; };
		B00CED622811DF01001CB090 /* AppDelegate.swift in Sources */ = {isa = PBXBuildFile; fileRef = B00CED612811DF01001CB090 /* AppDelegate.swift */; };
		B00CED642811DF01001CB090 /* SceneDelegate.swift in Sources */ = {isa = PBXBuildFile; fileRef = B00CED632811DF01001CB090 /* SceneDelegate.swift */; };
		B00CED662811DF01001CB090 /* AuthenticatorListComposer.swift in Sources */ = {isa = PBXBuildFile; fileRef = B00CED652811DF01001CB090 /* AuthenticatorListComposer.swift */; };
		B00CED6B2811DF02001CB090 /* Assets.xcassets in Resources */ = {isa = PBXBuildFile; fileRef = B00CED6A2811DF02001CB090 /* Assets.xcassets */; };
		B00CED6E2811DF02001CB090 /* LaunchScreen.storyboard in Resources */ = {isa = PBXBuildFile; fileRef = B00CED6C2811DF02001CB090 /* LaunchScreen.storyboard */; };
		B047DFC628122403007EF575 /* AuthenticatorListService.swift in Sources */ = {isa = PBXBuildFile; fileRef = B047DFC528122403007EF575 /* AuthenticatorListService.swift */; };
		B047DFC82812243A007EF575 /* AuthenticationList+Init.swift in Sources */ = {isa = PBXBuildFile; fileRef = B047DFC72812243A007EF575 /* AuthenticationList+Init.swift */; };
		B050D26F281B97D000117364 /* AuthenticatorList2.swift in Sources */ = {isa = PBXBuildFile; fileRef = B050D26E281B97D000117364 /* AuthenticatorList2.swift */; };
		B05F8F5328145B1800CBECB8 /* AddAccountComposer.swift in Sources */ = {isa = PBXBuildFile; fileRef = B05F8F5228145B1800CBECB8 /* AddAccountComposer.swift */; };
		B07979BD28156BEE0009CCF0 /* Queues.swift in Sources */ = {isa = PBXBuildFile; fileRef = B07979BC28156BEE0009CCF0 /* Queues.swift */; };
		B07979BF28156D2E0009CCF0 /* Navigator+AppEventObserver.swift in Sources */ = {isa = PBXBuildFile; fileRef = B07979BE28156D2E0009CCF0 /* Navigator+AppEventObserver.swift */; };
		B07979C1281574BD0009CCF0 /* OverLayViewController.swift in Sources */ = {isa = PBXBuildFile; fileRef = B07979C0281574BD0009CCF0 /* OverLayViewController.swift */; };
		B07979C628158F0B0009CCF0 /* AuthenticatorTOTPProvider.swift in Sources */ = {isa = PBXBuildFile; fileRef = B07979C528158F0B0009CCF0 /* AuthenticatorTOTPProvider.swift */; };
		B07979CB2815D61D0009CCF0 /* SwiftOTP+AuthenticatorTOTPProvider.swift in Sources */ = {isa = PBXBuildFile; fileRef = B07979CA2815D61D0009CCF0 /* SwiftOTP+AuthenticatorTOTPProvider.swift */; };
		B07979CD2815DA100009CCF0 /* AddAccountDelegateComposition.swift in Sources */ = {isa = PBXBuildFile; fileRef = B07979CC2815DA100009CCF0 /* AddAccountDelegateComposition.swift */; };
		B07979E32815E5730009CCF0 /* Navigator+CreateAuthenticatorListWindow.swift in Sources */ = {isa = PBXBuildFile; fileRef = B07979E22815E5730009CCF0 /* Navigator+CreateAuthenticatorListWindow.swift */; };
		B07979EB2815EB040009CCF0 /* AddAccountComposer+init.swift in Sources */ = {isa = PBXBuildFile; fileRef = B07979EA2815EB040009CCF0 /* AddAccountComposer+init.swift */; };
		B0A906C52812EAA000F72F87 /* AuthenticatorTests.swift in Sources */ = {isa = PBXBuildFile; fileRef = B0A906C42812EAA000F72F87 /* AuthenticatorTests.swift */; };
		B0F423E72814B71A00C9D138 /* AccountRepositoryComposer+AddAccountService.swift in Sources */ = {isa = PBXBuildFile; fileRef = B0F423E62814B71A00C9D138 /* AccountRepositoryComposer+AddAccountService.swift */; };
		B0F423F42814C71100C9D138 /* FileSystemPersistentStorage+AccountRepositoryProvider.swift in Sources */ = {isa = PBXBuildFile; fileRef = B0F423F32814C71100C9D138 /* FileSystemPersistentStorage+AccountRepositoryProvider.swift */; };
		B0F423F72814C76E00C9D138 /* Resolver+GlobalDepencencies.swift in Sources */ = {isa = PBXBuildFile; fileRef = B0F423F62814C76E00C9D138 /* Resolver+GlobalDepencencies.swift */; };
		B0F423FA2814CAF900C9D138 /* Navigator+AuthenticatorListComposerDelegate.swift in Sources */ = {isa = PBXBuildFile; fileRef = B0F423F92814CAF900C9D138 /* Navigator+AuthenticatorListComposerDelegate.swift */; };
		B0F423FF2814ED5900C9D138 /* AppEventObservable.swift in Sources */ = {isa = PBXBuildFile; fileRef = B0F423FE2814ED5900C9D138 /* AppEventObservable.swift */; };
		DAF6DA59EBA1A071D8FA74DF /* Pods_Authenticator_iOS.framework in Frameworks */ = {isa = PBXBuildFile; fileRef = 72DD9EA7532760AC3B695A42 /* Pods_Authenticator_iOS.framework */; };
/* End PBXBuildFile section */

/* Begin PBXContainerItemProxy section */
		B0A906BE2812E9E200F72F87 /* PBXContainerItemProxy */ = {
			isa = PBXContainerItemProxy;
			containerPortal = B00CED562811DF01001CB090 /* Project object */;
			proxyType = 1;
			remoteGlobalIDString = B00CED5D2811DF01001CB090;
			remoteInfo = "Authenticator-iOS";
		};
/* End PBXContainerItemProxy section */

/* Begin PBXFileReference section */
		0F3227966BABADD43D5A36EC /* Pods-Authenticator-iOS.debug.xcconfig */ = {isa = PBXFileReference; includeInIndex = 1; lastKnownFileType = text.xcconfig; name = "Pods-Authenticator-iOS.debug.xcconfig"; path = "Target Support Files/Pods-Authenticator-iOS/Pods-Authenticator-iOS.debug.xcconfig"; sourceTree = "<group>"; };
		72DD9EA7532760AC3B695A42 /* Pods_Authenticator_iOS.framework */ = {isa = PBXFileReference; explicitFileType = wrapper.framework; includeInIndex = 0; path = Pods_Authenticator_iOS.framework; sourceTree = BUILT_PRODUCTS_DIR; };
		AFD0F228685232C1400F346E /* Pods-Authenticator-iOSTests.release.xcconfig */ = {isa = PBXFileReference; includeInIndex = 1; lastKnownFileType = text.xcconfig; name = "Pods-Authenticator-iOSTests.release.xcconfig"; path = "Target Support Files/Pods-Authenticator-iOSTests/Pods-Authenticator-iOSTests.release.xcconfig"; sourceTree = "<group>"; };
		B00CED5E2811DF01001CB090 /* Authenticator-iOS.app */ = {isa = PBXFileReference; explicitFileType = wrapper.application; includeInIndex = 0; path = "Authenticator-iOS.app"; sourceTree = BUILT_PRODUCTS_DIR; };
		B00CED612811DF01001CB090 /* AppDelegate.swift */ = {isa = PBXFileReference; lastKnownFileType = sourcecode.swift; path = AppDelegate.swift; sourceTree = "<group>"; };
		B00CED632811DF01001CB090 /* SceneDelegate.swift */ = {isa = PBXFileReference; lastKnownFileType = sourcecode.swift; path = SceneDelegate.swift; sourceTree = "<group>"; };
		B00CED652811DF01001CB090 /* AuthenticatorListComposer.swift */ = {isa = PBXFileReference; lastKnownFileType = sourcecode.swift; path = AuthenticatorListComposer.swift; sourceTree = "<group>"; };
		B00CED6A2811DF02001CB090 /* Assets.xcassets */ = {isa = PBXFileReference; lastKnownFileType = folder.assetcatalog; path = Assets.xcassets; sourceTree = "<group>"; };
		B00CED6D2811DF02001CB090 /* Base */ = {isa = PBXFileReference; lastKnownFileType = file.storyboard; name = Base; path = Base.lproj/LaunchScreen.storyboard; sourceTree = "<group>"; };
		B00CED6F2811DF02001CB090 /* Info.plist */ = {isa = PBXFileReference; lastKnownFileType = text.plist.xml; path = Info.plist; sourceTree = "<group>"; };
		B022ED2528134F18000C8F23 /* AuthenticatorListBusiness.framework */ = {isa = PBXFileReference; explicitFileType = wrapper.framework; path = AuthenticatorListBusiness.framework; sourceTree = BUILT_PRODUCTS_DIR; };
		B022ED2828134F22000C8F23 /* AddAccountBusiness.framework */ = {isa = PBXFileReference; explicitFileType = wrapper.framework; path = AddAccountBusiness.framework; sourceTree = BUILT_PRODUCTS_DIR; };
		B047DFA42811F2FE007EF575 /* SwiftOTP.xcframework */ = {isa = PBXFileReference; lastKnownFileType = wrapper.xcframework; name = SwiftOTP.xcframework; path = Carthage/Build/SwiftOTP.xcframework; sourceTree = "<group>"; };
		B047DFC528122403007EF575 /* AuthenticatorListService.swift */ = {isa = PBXFileReference; lastKnownFileType = sourcecode.swift; path = AuthenticatorListService.swift; sourceTree = "<group>"; };
		B047DFC72812243A007EF575 /* AuthenticationList+Init.swift */ = {isa = PBXFileReference; lastKnownFileType = sourcecode.swift; path = "AuthenticationList+Init.swift"; sourceTree = "<group>"; };
		B050D26E281B97D000117364 /* AuthenticatorList2.swift */ = {isa = PBXFileReference; lastKnownFileType = sourcecode.swift; path = AuthenticatorList2.swift; sourceTree = "<group>"; };
		B05F8F5228145B1800CBECB8 /* AddAccountComposer.swift */ = {isa = PBXFileReference; lastKnownFileType = sourcecode.swift; path = AddAccountComposer.swift; sourceTree = "<group>"; };
		B07979BC28156BEE0009CCF0 /* Queues.swift */ = {isa = PBXFileReference; lastKnownFileType = sourcecode.swift; path = Queues.swift; sourceTree = "<group>"; };
		B07979BE28156D2E0009CCF0 /* Navigator+AppEventObserver.swift */ = {isa = PBXFileReference; lastKnownFileType = sourcecode.swift; path = "Navigator+AppEventObserver.swift"; sourceTree = "<group>"; };
		B07979C0281574BD0009CCF0 /* OverLayViewController.swift */ = {isa = PBXFileReference; lastKnownFileType = sourcecode.swift; path = OverLayViewController.swift; sourceTree = "<group>"; };
		B07979C528158F0B0009CCF0 /* AuthenticatorTOTPProvider.swift */ = {isa = PBXFileReference; lastKnownFileType = sourcecode.swift; path = AuthenticatorTOTPProvider.swift; sourceTree = "<group>"; };
		B07979CA2815D61D0009CCF0 /* SwiftOTP+AuthenticatorTOTPProvider.swift */ = {isa = PBXFileReference; lastKnownFileType = sourcecode.swift; path = "SwiftOTP+AuthenticatorTOTPProvider.swift"; sourceTree = "<group>"; };
		B07979CC2815DA100009CCF0 /* AddAccountDelegateComposition.swift */ = {isa = PBXFileReference; lastKnownFileType = sourcecode.swift; path = AddAccountDelegateComposition.swift; sourceTree = "<group>"; };
		B07979E22815E5730009CCF0 /* Navigator+CreateAuthenticatorListWindow.swift */ = {isa = PBXFileReference; lastKnownFileType = sourcecode.swift; path = "Navigator+CreateAuthenticatorListWindow.swift"; sourceTree = "<group>"; };
		B07979E62815E5B60009CCF0 /* UIKitNavigator.framework */ = {isa = PBXFileReference; explicitFileType = wrapper.framework; path = UIKitNavigator.framework; sourceTree = BUILT_PRODUCTS_DIR; };
		B07979EA2815EB040009CCF0 /* AddAccountComposer+init.swift */ = {isa = PBXFileReference; lastKnownFileType = sourcecode.swift; path = "AddAccountComposer+init.swift"; sourceTree = "<group>"; };
		B0935D8028161D5C001DE07B /* Clock.framework */ = {isa = PBXFileReference; explicitFileType = wrapper.framework; path = Clock.framework; sourceTree = BUILT_PRODUCTS_DIR; };
		B0A9062A2812D75C00F72F87 /* AuthenticatorListView.framework */ = {isa = PBXFileReference; explicitFileType = wrapper.framework; path = AuthenticatorListView.framework; sourceTree = BUILT_PRODUCTS_DIR; };
		B0A9068A2812DBFF00F72F87 /* AuthenticatorListBusiness_iOS.framework */ = {isa = PBXFileReference; explicitFileType = wrapper.framework; path = AuthenticatorListBusiness_iOS.framework; sourceTree = BUILT_PRODUCTS_DIR; };
		B0A9069E2812E56A00F72F87 /* FileSystemPersistentStorage.framework */ = {isa = PBXFileReference; explicitFileType = wrapper.framework; path = FileSystemPersistentStorage.framework; sourceTree = BUILT_PRODUCTS_DIR; };
		B0A906B32812E95100F72F87 /* AuthenticatorListBusiness.framework */ = {isa = PBXFileReference; explicitFileType = wrapper.framework; path = AuthenticatorListBusiness.framework; sourceTree = BUILT_PRODUCTS_DIR; };
		B0A906BA2812E9E200F72F87 /* Authenticator-iOSTests.xctest */ = {isa = PBXFileReference; explicitFileType = wrapper.cfbundle; includeInIndex = 0; path = "Authenticator-iOSTests.xctest"; sourceTree = BUILT_PRODUCTS_DIR; };
		B0A906C32812EAA000F72F87 /* Authenticator-iOSTests-Bridging-Header.h */ = {isa = PBXFileReference; lastKnownFileType = sourcecode.c.h; path = "Authenticator-iOSTests-Bridging-Header.h"; sourceTree = "<group>"; };
		B0A906C42812EAA000F72F87 /* AuthenticatorTests.swift */ = {isa = PBXFileReference; lastKnownFileType = sourcecode.swift; path = AuthenticatorTests.swift; sourceTree = "<group>"; };
		B0A906EA28130A1700F72F87 /* AddAccountView.framework */ = {isa = PBXFileReference; explicitFileType = wrapper.framework; path = AddAccountView.framework; sourceTree = BUILT_PRODUCTS_DIR; };
		B0B2D4E4281D6AFC00ADF159 /* Resolver.xcframework */ = {isa = PBXFileReference; lastKnownFileType = wrapper.xcframework; name = Resolver.xcframework; path = ../Carthage/Build/Resolver.xcframework; sourceTree = "<group>"; };
		B0B2D4E8281D6B3700ADF159 /* SwiftOTP.xcframework */ = {isa = PBXFileReference; lastKnownFileType = wrapper.xcframework; name = SwiftOTP.xcframework; path = ../Carthage/Build/SwiftOTP.xcframework; sourceTree = "<group>"; };
		B0F423E62814B71A00C9D138 /* AccountRepositoryComposer+AddAccountService.swift */ = {isa = PBXFileReference; lastKnownFileType = sourcecode.swift; path = "AccountRepositoryComposer+AddAccountService.swift"; sourceTree = "<group>"; };
		B0F423E82814B74300C9D138 /* AccountRepository.framework */ = {isa = PBXFileReference; explicitFileType = wrapper.framework; path = AccountRepository.framework; sourceTree = BUILT_PRODUCTS_DIR; };
		B0F423EE2814C6E400C9D138 /* Resolver.xcframework */ = {isa = PBXFileReference; lastKnownFileType = wrapper.xcframework; name = Resolver.xcframework; path = Carthage/Build/Resolver.xcframework; sourceTree = "<group>"; };
		B0F423F32814C71100C9D138 /* FileSystemPersistentStorage+AccountRepositoryProvider.swift */ = {isa = PBXFileReference; lastKnownFileType = sourcecode.swift; path = "FileSystemPersistentStorage+AccountRepositoryProvider.swift"; sourceTree = "<group>"; };
		B0F423F62814C76E00C9D138 /* Resolver+GlobalDepencencies.swift */ = {isa = PBXFileReference; lastKnownFileType = sourcecode.swift; path = "Resolver+GlobalDepencencies.swift"; sourceTree = "<group>"; };
		B0F423F92814CAF900C9D138 /* Navigator+AuthenticatorListComposerDelegate.swift */ = {isa = PBXFileReference; lastKnownFileType = sourcecode.swift; path = "Navigator+AuthenticatorListComposerDelegate.swift"; sourceTree = "<group>"; };
		B0F423FE2814ED5900C9D138 /* AppEventObservable.swift */ = {isa = PBXFileReference; lastKnownFileType = sourcecode.swift; path = AppEventObservable.swift; sourceTree = "<group>"; };
		D24ACC670130ED7A327D7C1B /* Pods-Authenticator-iOSTests.debug.xcconfig */ = {isa = PBXFileReference; includeInIndex = 1; lastKnownFileType = text.xcconfig; name = "Pods-Authenticator-iOSTests.debug.xcconfig"; path = "Target Support Files/Pods-Authenticator-iOSTests/Pods-Authenticator-iOSTests.debug.xcconfig"; sourceTree = "<group>"; };
		D2B496796BA01ED29B14EAAB /* Pods-Authenticator-iOS.release.xcconfig */ = {isa = PBXFileReference; includeInIndex = 1; lastKnownFileType = text.xcconfig; name = "Pods-Authenticator-iOS.release.xcconfig"; path = "Target Support Files/Pods-Authenticator-iOS/Pods-Authenticator-iOS.release.xcconfig"; sourceTree = "<group>"; };
		F663F2877E8CDF7EC6F8CA14 /* Pods_Authenticator_iOSTests.framework */ = {isa = PBXFileReference; explicitFileType = wrapper.framework; includeInIndex = 0; path = Pods_Authenticator_iOSTests.framework; sourceTree = BUILT_PRODUCTS_DIR; };
/* End PBXFileReference section */

/* Begin PBXFrameworksBuildPhase section */
		B00CED5B2811DF01001CB090 /* Frameworks */ = {
			isa = PBXFrameworksBuildPhase;
			buildActionMask = 2147483647;
			files = (
				DAF6DA59EBA1A071D8FA74DF /* Pods_Authenticator_iOS.framework in Frameworks */,
			);
			runOnlyForDeploymentPostprocessing = 0;
		};
		B0A906B72812E9E200F72F87 /* Frameworks */ = {
			isa = PBXFrameworksBuildPhase;
			buildActionMask = 2147483647;
			files = (
				29B8EF0D513D4617DC205EAA /* Pods_Authenticator_iOSTests.framework in Frameworks */,
			);
			runOnlyForDeploymentPostprocessing = 0;
		};
/* End PBXFrameworksBuildPhase section */

/* Begin PBXGroup section */
		B00CED552811DF01001CB090 = {
			isa = PBXGroup;
			children = (
				B00CED602811DF01001CB090 /* Authenticator-iOS */,
				B0A906BB2812E9E200F72F87 /* Authenticator-iOSTests */,
				B00CED5F2811DF01001CB090 /* Products */,
				B047DFA32811F2FE007EF575 /* Frameworks */,
				F1BBA207BF39EC2D572C1FC9 /* Pods */,
			);
			sourceTree = "<group>";
		};
		B00CED5F2811DF01001CB090 /* Products */ = {
			isa = PBXGroup;
			children = (
				B00CED5E2811DF01001CB090 /* Authenticator-iOS.app */,
				B0A906BA2812E9E200F72F87 /* Authenticator-iOSTests.xctest */,
			);
			name = Products;
			sourceTree = "<group>";
		};
		B00CED602811DF01001CB090 /* Authenticator-iOS */ = {
			isa = PBXGroup;
			children = (
				B0F423FD2814CDC800C9D138 /* App */,
				B07979B7281569810009CCF0 /* Integrations */,
				B00CED6A2811DF02001CB090 /* Assets.xcassets */,
				B00CED6C2811DF02001CB090 /* LaunchScreen.storyboard */,
				B00CED6F2811DF02001CB090 /* Info.plist */,
			);
			path = "Authenticator-iOS";
			sourceTree = "<group>";
		};
		B047DFA32811F2FE007EF575 /* Frameworks */ = {
			isa = PBXGroup;
			children = (
				B0B2D4E8281D6B3700ADF159 /* SwiftOTP.xcframework */,
				B0B2D4E4281D6AFC00ADF159 /* Resolver.xcframework */,
				B0935D8028161D5C001DE07B /* Clock.framework */,
				B07979E62815E5B60009CCF0 /* UIKitNavigator.framework */,
				B0F423EE2814C6E400C9D138 /* Resolver.xcframework */,
				B0F423E82814B74300C9D138 /* AccountRepository.framework */,
				B022ED2828134F22000C8F23 /* AddAccountBusiness.framework */,
				B022ED2528134F18000C8F23 /* AuthenticatorListBusiness.framework */,
				B0A906EA28130A1700F72F87 /* AddAccountView.framework */,
				B0A906B32812E95100F72F87 /* AuthenticatorListBusiness.framework */,
				B0A9069E2812E56A00F72F87 /* FileSystemPersistentStorage.framework */,
				B0A9068A2812DBFF00F72F87 /* AuthenticatorListBusiness_iOS.framework */,
				B0A9062A2812D75C00F72F87 /* AuthenticatorListView.framework */,
				B047DFA42811F2FE007EF575 /* SwiftOTP.xcframework */,
				72DD9EA7532760AC3B695A42 /* Pods_Authenticator_iOS.framework */,
				F663F2877E8CDF7EC6F8CA14 /* Pods_Authenticator_iOSTests.framework */,
			);
			name = Frameworks;
			sourceTree = "<group>";
		};
		B047DFAA2811FABB007EF575 /* AuthenticatorList */ = {
			isa = PBXGroup;
			children = (
				B00CED652811DF01001CB090 /* AuthenticatorListComposer.swift */,
				B047DFC528122403007EF575 /* AuthenticatorListService.swift */,
				B047DFC72812243A007EF575 /* AuthenticationList+Init.swift */,
				B050D26E281B97D000117364 /* AuthenticatorList2.swift */,
			);
			path = AuthenticatorList;
			sourceTree = "<group>";
		};
		B05F8F512814570D00CBECB8 /* AddAccount */ = {
			isa = PBXGroup;
			children = (
				B05F8F5228145B1800CBECB8 /* AddAccountComposer.swift */,
				B07979CC2815DA100009CCF0 /* AddAccountDelegateComposition.swift */,
				B07979EA2815EB040009CCF0 /* AddAccountComposer+init.swift */,
			);
			path = AddAccount;
			sourceTree = "<group>";
		};
		B07979B7281569810009CCF0 /* Integrations */ = {
			isa = PBXGroup;
			children = (
				B0F423F82814CAD800C9D138 /* Navigator */,
				B07979C92815D5F20009CCF0 /* ThirdParty */,
				B047DFAA2811FABB007EF575 /* AuthenticatorList */,
				B05F8F512814570D00CBECB8 /* AddAccount */,
				B0F423F12814C6F400C9D138 /* AccountRepository */,
				B0F423F22814C70A00C9D138 /* FileSystemPersistentStorage */,
				B0F423F52814C75C00C9D138 /* Resolver */,
			);
			path = Integrations;
			sourceTree = "<group>";
		};
		B07979C428158EEF0009CCF0 /* TOTPGenerator */ = {
			isa = PBXGroup;
			children = (
				B07979C528158F0B0009CCF0 /* AuthenticatorTOTPProvider.swift */,
				B07979CA2815D61D0009CCF0 /* SwiftOTP+AuthenticatorTOTPProvider.swift */,
			);
			path = TOTPGenerator;
			sourceTree = "<group>";
		};
		B07979C92815D5F20009CCF0 /* ThirdParty */ = {
			isa = PBXGroup;
			children = (
				B07979C428158EEF0009CCF0 /* TOTPGenerator */,
			);
			path = ThirdParty;
			sourceTree = "<group>";
		};
		B07979E92815E9160009CCF0 /* Overlay */ = {
			isa = PBXGroup;
			children = (
				B07979BE28156D2E0009CCF0 /* Navigator+AppEventObserver.swift */,
				B07979C0281574BD0009CCF0 /* OverLayViewController.swift */,
			);
			path = Overlay;
			sourceTree = "<group>";
		};
		B0A906BB2812E9E200F72F87 /* Authenticator-iOSTests */ = {
			isa = PBXGroup;
			children = (
				B0A906C42812EAA000F72F87 /* AuthenticatorTests.swift */,
				B0A906C32812EAA000F72F87 /* Authenticator-iOSTests-Bridging-Header.h */,
			);
			path = "Authenticator-iOSTests";
			sourceTree = "<group>";
		};
		B0F423F12814C6F400C9D138 /* AccountRepository */ = {
			isa = PBXGroup;
			children = (
				B0F423E62814B71A00C9D138 /* AccountRepositoryComposer+AddAccountService.swift */,
			);
			path = AccountRepository;
			sourceTree = "<group>";
		};
		B0F423F22814C70A00C9D138 /* FileSystemPersistentStorage */ = {
			isa = PBXGroup;
			children = (
				B0F423F32814C71100C9D138 /* FileSystemPersistentStorage+AccountRepositoryProvider.swift */,
			);
			path = FileSystemPersistentStorage;
			sourceTree = "<group>";
		};
		B0F423F52814C75C00C9D138 /* Resolver */ = {
			isa = PBXGroup;
			children = (
				B0F423F62814C76E00C9D138 /* Resolver+GlobalDepencencies.swift */,
			);
			path = Resolver;
			sourceTree = "<group>";
		};
		B0F423F82814CAD800C9D138 /* Navigator */ = {
			isa = PBXGroup;
			children = (
				B07979E92815E9160009CCF0 /* Overlay */,
				B0F423F92814CAF900C9D138 /* Navigator+AuthenticatorListComposerDelegate.swift */,
				B07979E22815E5730009CCF0 /* Navigator+CreateAuthenticatorListWindow.swift */,
			);
			path = Navigator;
			sourceTree = "<group>";
		};
		B0F423FD2814CDC800C9D138 /* App */ = {
			isa = PBXGroup;
			children = (
				B00CED612811DF01001CB090 /* AppDelegate.swift */,
				B00CED632811DF01001CB090 /* SceneDelegate.swift */,
				B07979BC28156BEE0009CCF0 /* Queues.swift */,
				B0F423FE2814ED5900C9D138 /* AppEventObservable.swift */,
			);
			path = App;
			sourceTree = "<group>";
		};
		F1BBA207BF39EC2D572C1FC9 /* Pods */ = {
			isa = PBXGroup;
			children = (
				0F3227966BABADD43D5A36EC /* Pods-Authenticator-iOS.debug.xcconfig */,
				D2B496796BA01ED29B14EAAB /* Pods-Authenticator-iOS.release.xcconfig */,
				D24ACC670130ED7A327D7C1B /* Pods-Authenticator-iOSTests.debug.xcconfig */,
				AFD0F228685232C1400F346E /* Pods-Authenticator-iOSTests.release.xcconfig */,
			);
			name = Pods;
			path = ../Pods;
			sourceTree = "<group>";
		};
/* End PBXGroup section */

/* Begin PBXNativeTarget section */
		B00CED5D2811DF01001CB090 /* Authenticator-iOS */ = {
			isa = PBXNativeTarget;
			buildConfigurationList = B00CED882811DF02001CB090 /* Build configuration list for PBXNativeTarget "Authenticator-iOS" */;
			buildPhases = (
				21B361BC2F115E60DBB8D3D6 /* [CP] Check Pods Manifest.lock */,
				B00CED5A2811DF01001CB090 /* Sources */,
				B00CED5B2811DF01001CB090 /* Frameworks */,
				B00CED5C2811DF01001CB090 /* Resources */,
				4D44D476B0CEA4191E9D2BFB /* [CP] Embed Pods Frameworks */,
			);
			buildRules = (
			);
			dependencies = (
			);
			name = "Authenticator-iOS";
			productName = "Authenticator-iOS";
			productReference = B00CED5E2811DF01001CB090 /* Authenticator-iOS.app */;
			productType = "com.apple.product-type.application";
		};
		B0A906B92812E9E200F72F87 /* Authenticator-iOSTests */ = {
			isa = PBXNativeTarget;
			buildConfigurationList = B0A906C02812E9E200F72F87 /* Build configuration list for PBXNativeTarget "Authenticator-iOSTests" */;
			buildPhases = (
				3064B6AF1AB08F55A38CC85E /* [CP] Check Pods Manifest.lock */,
				B0A906B62812E9E200F72F87 /* Sources */,
				B0A906B72812E9E200F72F87 /* Frameworks */,
				B0A906B82812E9E200F72F87 /* Resources */,
			);
			buildRules = (
			);
			dependencies = (
				B0A906BF2812E9E200F72F87 /* PBXTargetDependency */,
			);
			name = "Authenticator-iOSTests";
			productName = "Authenticator-iOSTests";
			productReference = B0A906BA2812E9E200F72F87 /* Authenticator-iOSTests.xctest */;
			productType = "com.apple.product-type.bundle.unit-test";
		};
/* End PBXNativeTarget section */

/* Begin PBXProject section */
		B00CED562811DF01001CB090 /* Project object */ = {
			isa = PBXProject;
			attributes = {
				BuildIndependentTargetsInParallel = 1;
				LastSwiftUpdateCheck = 1330;
				LastUpgradeCheck = 1330;
				TargetAttributes = {
					B00CED5D2811DF01001CB090 = {
						CreatedOnToolsVersion = 13.3.1;
					};
					B0A906B92812E9E200F72F87 = {
						CreatedOnToolsVersion = 13.3.1;
						LastSwiftMigration = 1330;
						TestTargetID = B00CED5D2811DF01001CB090;
					};
				};
			};
			buildConfigurationList = B00CED592811DF01001CB090 /* Build configuration list for PBXProject "Authenticator-iOS" */;
			compatibilityVersion = "Xcode 13.0";
			developmentRegion = en;
			hasScannedForEncodings = 0;
			knownRegions = (
				en,
				Base,
			);
			mainGroup = B00CED552811DF01001CB090;
			productRefGroup = B00CED5F2811DF01001CB090 /* Products */;
			projectDirPath = "";
			projectRoot = "";
			targets = (
				B00CED5D2811DF01001CB090 /* Authenticator-iOS */,
				B0A906B92812E9E200F72F87 /* Authenticator-iOSTests */,
			);
		};
/* End PBXProject section */

/* Begin PBXResourcesBuildPhase section */
		B00CED5C2811DF01001CB090 /* Resources */ = {
			isa = PBXResourcesBuildPhase;
			buildActionMask = 2147483647;
			files = (
				B00CED6E2811DF02001CB090 /* LaunchScreen.storyboard in Resources */,
				B00CED6B2811DF02001CB090 /* Assets.xcassets in Resources */,
			);
			runOnlyForDeploymentPostprocessing = 0;
		};
		B0A906B82812E9E200F72F87 /* Resources */ = {
			isa = PBXResourcesBuildPhase;
			buildActionMask = 2147483647;
			files = (
			);
			runOnlyForDeploymentPostprocessing = 0;
		};
/* End PBXResourcesBuildPhase section */

/* Begin PBXShellScriptBuildPhase section */
		21B361BC2F115E60DBB8D3D6 /* [CP] Check Pods Manifest.lock */ = {
			isa = PBXShellScriptBuildPhase;
			buildActionMask = 2147483647;
			files = (
			);
			inputFileListPaths = (
			);
			inputPaths = (
				"${PODS_PODFILE_DIR_PATH}/Podfile.lock",
				"${PODS_ROOT}/Manifest.lock",
			);
			name = "[CP] Check Pods Manifest.lock";
			outputFileListPaths = (
			);
			outputPaths = (
				"$(DERIVED_FILE_DIR)/Pods-Authenticator-iOS-checkManifestLockResult.txt",
			);
			runOnlyForDeploymentPostprocessing = 0;
			shellPath = /bin/sh;
			shellScript = "diff \"${PODS_PODFILE_DIR_PATH}/Podfile.lock\" \"${PODS_ROOT}/Manifest.lock\" > /dev/null\nif [ $? != 0 ] ; then\n    # print error to STDERR\n    echo \"error: The sandbox is not in sync with the Podfile.lock. Run 'pod install' or update your CocoaPods installation.\" >&2\n    exit 1\nfi\n# This output is used by Xcode 'outputs' to avoid re-running this script phase.\necho \"SUCCESS\" > \"${SCRIPT_OUTPUT_FILE_0}\"\n";
			showEnvVarsInLog = 0;
		};
		3064B6AF1AB08F55A38CC85E /* [CP] Check Pods Manifest.lock */ = {
			isa = PBXShellScriptBuildPhase;
			buildActionMask = 2147483647;
			files = (
			);
			inputFileListPaths = (
			);
			inputPaths = (
				"${PODS_PODFILE_DIR_PATH}/Podfile.lock",
				"${PODS_ROOT}/Manifest.lock",
			);
			name = "[CP] Check Pods Manifest.lock";
			outputFileListPaths = (
			);
			outputPaths = (
				"$(DERIVED_FILE_DIR)/Pods-Authenticator-iOSTests-checkManifestLockResult.txt",
			);
			runOnlyForDeploymentPostprocessing = 0;
			shellPath = /bin/sh;
			shellScript = "diff \"${PODS_PODFILE_DIR_PATH}/Podfile.lock\" \"${PODS_ROOT}/Manifest.lock\" > /dev/null\nif [ $? != 0 ] ; then\n    # print error to STDERR\n    echo \"error: The sandbox is not in sync with the Podfile.lock. Run 'pod install' or update your CocoaPods installation.\" >&2\n    exit 1\nfi\n# This output is used by Xcode 'outputs' to avoid re-running this script phase.\necho \"SUCCESS\" > \"${SCRIPT_OUTPUT_FILE_0}\"\n";
			showEnvVarsInLog = 0;
		};
		4D44D476B0CEA4191E9D2BFB /* [CP] Embed Pods Frameworks */ = {
			isa = PBXShellScriptBuildPhase;
			buildActionMask = 2147483647;
			files = (
			);
			inputFileListPaths = (
				"${PODS_ROOT}/Target Support Files/Pods-Authenticator-iOS/Pods-Authenticator-iOS-frameworks-${CONFIGURATION}-input-files.xcfilelist",
			);
			name = "[CP] Embed Pods Frameworks";
			outputFileListPaths = (
				"${PODS_ROOT}/Target Support Files/Pods-Authenticator-iOS/Pods-Authenticator-iOS-frameworks-${CONFIGURATION}-output-files.xcfilelist",
			);
			runOnlyForDeploymentPostprocessing = 0;
			shellPath = /bin/sh;
			shellScript = "\"${PODS_ROOT}/Target Support Files/Pods-Authenticator-iOS/Pods-Authenticator-iOS-frameworks.sh\"\n";
			showEnvVarsInLog = 0;
		};
/* End PBXShellScriptBuildPhase section */

/* Begin PBXSourcesBuildPhase section */
		B00CED5A2811DF01001CB090 /* Sources */ = {
			isa = PBXSourcesBuildPhase;
			buildActionMask = 2147483647;
			files = (
				B07979E32815E5730009CCF0 /* Navigator+CreateAuthenticatorListWindow.swift in Sources */,
				B07979CB2815D61D0009CCF0 /* SwiftOTP+AuthenticatorTOTPProvider.swift in Sources */,
				B047DFC628122403007EF575 /* AuthenticatorListService.swift in Sources */,
				B00CED662811DF01001CB090 /* AuthenticatorListComposer.swift in Sources */,
				B047DFC82812243A007EF575 /* AuthenticationList+Init.swift in Sources */,
				B0F423F72814C76E00C9D138 /* Resolver+GlobalDepencencies.swift in Sources */,
				B00CED622811DF01001CB090 /* AppDelegate.swift in Sources */,
				B07979BF28156D2E0009CCF0 /* Navigator+AppEventObserver.swift in Sources */,
				B07979C1281574BD0009CCF0 /* OverLayViewController.swift in Sources */,
				B0F423F42814C71100C9D138 /* FileSystemPersistentStorage+AccountRepositoryProvider.swift in Sources */,
				B07979C628158F0B0009CCF0 /* AuthenticatorTOTPProvider.swift in Sources */,
				B0F423FA2814CAF900C9D138 /* Navigator+AuthenticatorListComposerDelegate.swift in Sources */,
				B07979EB2815EB040009CCF0 /* AddAccountComposer+init.swift in Sources */,
				B0F423E72814B71A00C9D138 /* AccountRepositoryComposer+AddAccountService.swift in Sources */,
				B00CED642811DF01001CB090 /* SceneDelegate.swift in Sources */,
				B0F423FF2814ED5900C9D138 /* AppEventObservable.swift in Sources */,
				B050D26F281B97D000117364 /* AuthenticatorList2.swift in Sources */,
				B05F8F5328145B1800CBECB8 /* AddAccountComposer.swift in Sources */,
				B07979BD28156BEE0009CCF0 /* Queues.swift in Sources */,
				B07979CD2815DA100009CCF0 /* AddAccountDelegateComposition.swift in Sources */,
			);
			runOnlyForDeploymentPostprocessing = 0;
		};
		B0A906B62812E9E200F72F87 /* Sources */ = {
			isa = PBXSourcesBuildPhase;
			buildActionMask = 2147483647;
			files = (
				B0A906C52812EAA000F72F87 /* AuthenticatorTests.swift in Sources */,
			);
			runOnlyForDeploymentPostprocessing = 0;
		};
/* End PBXSourcesBuildPhase section */

/* Begin PBXTargetDependency section */
		B0A906BF2812E9E200F72F87 /* PBXTargetDependency */ = {
			isa = PBXTargetDependency;
			target = B00CED5D2811DF01001CB090 /* Authenticator-iOS */;
			targetProxy = B0A906BE2812E9E200F72F87 /* PBXContainerItemProxy */;
		};
/* End PBXTargetDependency section */

/* Begin PBXVariantGroup section */
		B00CED6C2811DF02001CB090 /* LaunchScreen.storyboard */ = {
			isa = PBXVariantGroup;
			children = (
				B00CED6D2811DF02001CB090 /* Base */,
			);
			name = LaunchScreen.storyboard;
			sourceTree = "<group>";
		};
/* End PBXVariantGroup section */

/* Begin XCBuildConfiguration section */
		B00CED862811DF02001CB090 /* Debug */ = {
			isa = XCBuildConfiguration;
			buildSettings = {
				ALWAYS_SEARCH_USER_PATHS = NO;
				CLANG_ANALYZER_NONNULL = YES;
				CLANG_ANALYZER_NUMBER_OBJECT_CONVERSION = YES_AGGRESSIVE;
				CLANG_CXX_LANGUAGE_STANDARD = "gnu++17";
				CLANG_ENABLE_MODULES = YES;
				CLANG_ENABLE_OBJC_ARC = YES;
				CLANG_ENABLE_OBJC_WEAK = YES;
				CLANG_WARN_BLOCK_CAPTURE_AUTORELEASING = YES;
				CLANG_WARN_BOOL_CONVERSION = YES;
				CLANG_WARN_COMMA = YES;
				CLANG_WARN_CONSTANT_CONVERSION = YES;
				CLANG_WARN_DEPRECATED_OBJC_IMPLEMENTATIONS = YES;
				CLANG_WARN_DIRECT_OBJC_ISA_USAGE = YES_ERROR;
				CLANG_WARN_DOCUMENTATION_COMMENTS = YES;
				CLANG_WARN_EMPTY_BODY = YES;
				CLANG_WARN_ENUM_CONVERSION = YES;
				CLANG_WARN_INFINITE_RECURSION = YES;
				CLANG_WARN_INT_CONVERSION = YES;
				CLANG_WARN_NON_LITERAL_NULL_CONVERSION = YES;
				CLANG_WARN_OBJC_IMPLICIT_RETAIN_SELF = YES;
				CLANG_WARN_OBJC_LITERAL_CONVERSION = YES;
				CLANG_WARN_OBJC_ROOT_CLASS = YES_ERROR;
				CLANG_WARN_QUOTED_INCLUDE_IN_FRAMEWORK_HEADER = YES;
				CLANG_WARN_RANGE_LOOP_ANALYSIS = YES;
				CLANG_WARN_STRICT_PROTOTYPES = YES;
				CLANG_WARN_SUSPICIOUS_MOVE = YES;
				CLANG_WARN_UNGUARDED_AVAILABILITY = YES_AGGRESSIVE;
				CLANG_WARN_UNREACHABLE_CODE = YES;
				CLANG_WARN__DUPLICATE_METHOD_MATCH = YES;
				COPY_PHASE_STRIP = NO;
				DEBUG_INFORMATION_FORMAT = dwarf;
				ENABLE_STRICT_OBJC_MSGSEND = YES;
				ENABLE_TESTABILITY = YES;
				GCC_C_LANGUAGE_STANDARD = gnu11;
				GCC_DYNAMIC_NO_PIC = NO;
				GCC_NO_COMMON_BLOCKS = YES;
				GCC_OPTIMIZATION_LEVEL = 0;
				GCC_PREPROCESSOR_DEFINITIONS = (
					"DEBUG=1",
					"$(inherited)",
				);
				GCC_WARN_64_TO_32_BIT_CONVERSION = YES;
				GCC_WARN_ABOUT_RETURN_TYPE = YES_ERROR;
				GCC_WARN_UNDECLARED_SELECTOR = YES;
				GCC_WARN_UNINITIALIZED_AUTOS = YES_AGGRESSIVE;
				GCC_WARN_UNUSED_FUNCTION = YES;
				GCC_WARN_UNUSED_VARIABLE = YES;
				IPHONEOS_DEPLOYMENT_TARGET = 15.0;
				MTL_ENABLE_DEBUG_INFO = INCLUDE_SOURCE;
				MTL_FAST_MATH = YES;
				ONLY_ACTIVE_ARCH = YES;
				SDKROOT = iphoneos;
				SWIFT_ACTIVE_COMPILATION_CONDITIONS = DEBUG;
				SWIFT_OPTIMIZATION_LEVEL = "-Onone";
			};
			name = Debug;
		};
		B00CED872811DF02001CB090 /* Release */ = {
			isa = XCBuildConfiguration;
			buildSettings = {
				ALWAYS_SEARCH_USER_PATHS = NO;
				CLANG_ANALYZER_NONNULL = YES;
				CLANG_ANALYZER_NUMBER_OBJECT_CONVERSION = YES_AGGRESSIVE;
				CLANG_CXX_LANGUAGE_STANDARD = "gnu++17";
				CLANG_ENABLE_MODULES = YES;
				CLANG_ENABLE_OBJC_ARC = YES;
				CLANG_ENABLE_OBJC_WEAK = YES;
				CLANG_WARN_BLOCK_CAPTURE_AUTORELEASING = YES;
				CLANG_WARN_BOOL_CONVERSION = YES;
				CLANG_WARN_COMMA = YES;
				CLANG_WARN_CONSTANT_CONVERSION = YES;
				CLANG_WARN_DEPRECATED_OBJC_IMPLEMENTATIONS = YES;
				CLANG_WARN_DIRECT_OBJC_ISA_USAGE = YES_ERROR;
				CLANG_WARN_DOCUMENTATION_COMMENTS = YES;
				CLANG_WARN_EMPTY_BODY = YES;
				CLANG_WARN_ENUM_CONVERSION = YES;
				CLANG_WARN_INFINITE_RECURSION = YES;
				CLANG_WARN_INT_CONVERSION = YES;
				CLANG_WARN_NON_LITERAL_NULL_CONVERSION = YES;
				CLANG_WARN_OBJC_IMPLICIT_RETAIN_SELF = YES;
				CLANG_WARN_OBJC_LITERAL_CONVERSION = YES;
				CLANG_WARN_OBJC_ROOT_CLASS = YES_ERROR;
				CLANG_WARN_QUOTED_INCLUDE_IN_FRAMEWORK_HEADER = YES;
				CLANG_WARN_RANGE_LOOP_ANALYSIS = YES;
				CLANG_WARN_STRICT_PROTOTYPES = YES;
				CLANG_WARN_SUSPICIOUS_MOVE = YES;
				CLANG_WARN_UNGUARDED_AVAILABILITY = YES_AGGRESSIVE;
				CLANG_WARN_UNREACHABLE_CODE = YES;
				CLANG_WARN__DUPLICATE_METHOD_MATCH = YES;
				COPY_PHASE_STRIP = NO;
				DEBUG_INFORMATION_FORMAT = "dwarf-with-dsym";
				ENABLE_NS_ASSERTIONS = NO;
				ENABLE_STRICT_OBJC_MSGSEND = YES;
				GCC_C_LANGUAGE_STANDARD = gnu11;
				GCC_NO_COMMON_BLOCKS = YES;
				GCC_WARN_64_TO_32_BIT_CONVERSION = YES;
				GCC_WARN_ABOUT_RETURN_TYPE = YES_ERROR;
				GCC_WARN_UNDECLARED_SELECTOR = YES;
				GCC_WARN_UNINITIALIZED_AUTOS = YES_AGGRESSIVE;
				GCC_WARN_UNUSED_FUNCTION = YES;
				GCC_WARN_UNUSED_VARIABLE = YES;
				IPHONEOS_DEPLOYMENT_TARGET = 15.0;
				MTL_ENABLE_DEBUG_INFO = NO;
				MTL_FAST_MATH = YES;
				SDKROOT = iphoneos;
				SWIFT_COMPILATION_MODE = wholemodule;
				SWIFT_OPTIMIZATION_LEVEL = "-O";
				VALIDATE_PRODUCT = YES;
			};
			name = Release;
		};
		B00CED892811DF02001CB090 /* Debug */ = {
			isa = XCBuildConfiguration;
			baseConfigurationReference = 0F3227966BABADD43D5A36EC /* Pods-Authenticator-iOS.debug.xcconfig */;
			buildSettings = {
				ASSETCATALOG_COMPILER_APPICON_NAME = AppIcon;
				ASSETCATALOG_COMPILER_GLOBAL_ACCENT_COLOR_NAME = AccentColor;
				CODE_SIGN_IDENTITY = "Apple Development";
				CODE_SIGN_STYLE = Automatic;
				CURRENT_PROJECT_VERSION = 1;
				DEVELOPMENT_TEAM = 4W92454MDD;
				GENERATE_INFOPLIST_FILE = YES;
				INFOPLIST_FILE = "Authenticator-iOS/Info.plist";
				INFOPLIST_KEY_NSCameraUsageDescription = "Enable the camera to read qr codes.";
				INFOPLIST_KEY_UIApplicationSupportsIndirectInputEvents = YES;
				INFOPLIST_KEY_UILaunchStoryboardName = LaunchScreen;
				INFOPLIST_KEY_UIMainStoryboardFile = "";
				INFOPLIST_KEY_UISupportedInterfaceOrientations_iPad = "UIInterfaceOrientationPortrait UIInterfaceOrientationPortraitUpsideDown UIInterfaceOrientationLandscapeLeft UIInterfaceOrientationLandscapeRight";
				INFOPLIST_KEY_UISupportedInterfaceOrientations_iPhone = UIInterfaceOrientationPortrait;
				IPHONEOS_DEPLOYMENT_TARGET = 15.0;
				LD_RUNPATH_SEARCH_PATHS = (
					"$(inherited)",
					"@executable_path/Frameworks",
				);
				MARKETING_VERSION = 1.0;
				OTHER_SWIFT_FLAGS = "$(inherited)";
				PRODUCT_BUNDLE_IDENTIFIER = "com.jenci.Authenticator-iOS";
				PRODUCT_NAME = "$(TARGET_NAME)";
				PROVISIONING_PROFILE_SPECIFIER = "";
				SWIFT_ACTIVE_COMPILATION_CONDITIONS = DEBUG;
				SWIFT_EMIT_LOC_STRINGS = YES;
				SWIFT_VERSION = 5.0;
				TARGETED_DEVICE_FAMILY = "1,2";
			};
			name = Debug;
		};
		B00CED8A2811DF02001CB090 /* Release */ = {
			isa = XCBuildConfiguration;
			baseConfigurationReference = D2B496796BA01ED29B14EAAB /* Pods-Authenticator-iOS.release.xcconfig */;
			buildSettings = {
				ASSETCATALOG_COMPILER_APPICON_NAME = AppIcon;
				ASSETCATALOG_COMPILER_GLOBAL_ACCENT_COLOR_NAME = AccentColor;
				CODE_SIGN_IDENTITY = "Apple Development";
				CODE_SIGN_STYLE = Automatic;
				CURRENT_PROJECT_VERSION = 1;
				DEVELOPMENT_TEAM = 4W92454MDD;
				GENERATE_INFOPLIST_FILE = YES;
				INFOPLIST_FILE = "Authenticator-iOS/Info.plist";
				INFOPLIST_KEY_NSCameraUsageDescription = "Enable the camera to read qr codes.";
				INFOPLIST_KEY_UIApplicationSupportsIndirectInputEvents = YES;
				INFOPLIST_KEY_UILaunchStoryboardName = LaunchScreen;
				INFOPLIST_KEY_UIMainStoryboardFile = "";
				INFOPLIST_KEY_UISupportedInterfaceOrientations_iPad = "UIInterfaceOrientationPortrait UIInterfaceOrientationPortraitUpsideDown UIInterfaceOrientationLandscapeLeft UIInterfaceOrientationLandscapeRight";
				INFOPLIST_KEY_UISupportedInterfaceOrientations_iPhone = UIInterfaceOrientationPortrait;
				IPHONEOS_DEPLOYMENT_TARGET = 15.0;
				LD_RUNPATH_SEARCH_PATHS = (
					"$(inherited)",
					"@executable_path/Frameworks",
				);
				MARKETING_VERSION = 1.0;
				OTHER_SWIFT_FLAGS = "$(inherited)";
				PRODUCT_BUNDLE_IDENTIFIER = "com.jenci.Authenticator-iOS";
				PRODUCT_NAME = "$(TARGET_NAME)";
				PROVISIONING_PROFILE_SPECIFIER = "";
				SWIFT_ACTIVE_COMPILATION_CONDITIONS = "";
				SWIFT_EMIT_LOC_STRINGS = YES;
				SWIFT_VERSION = 5.0;
				TARGETED_DEVICE_FAMILY = "1,2";
			};
			name = Release;
		};
		B0A906C12812E9E200F72F87 /* Debug */ = {
			isa = XCBuildConfiguration;
			baseConfigurationReference = D24ACC670130ED7A327D7C1B /* Pods-Authenticator-iOSTests.debug.xcconfig */;
			buildSettings = {
				BUNDLE_LOADER = "$(TEST_HOST)";
				CLANG_ENABLE_MODULES = YES;
				CODE_SIGN_IDENTITY = "Apple Development";
				"CODE_SIGN_IDENTITY[sdk=macosx*]" = "Apple Development";
				CODE_SIGN_STYLE = Automatic;
				CURRENT_PROJECT_VERSION = 1;
				DEVELOPMENT_TEAM = 4W92454MDD;
				GENERATE_INFOPLIST_FILE = YES;
				LD_RUNPATH_SEARCH_PATHS = (
					"$(inherited)",
					"@executable_path/Frameworks",
					"@loader_path/Frameworks",
				);
				MARKETING_VERSION = 1.0;
				PRODUCT_BUNDLE_IDENTIFIER = "com.jenci.Authenticator-iOSTests";
				PRODUCT_NAME = "$(TARGET_NAME)";
				PROVISIONING_PROFILE_SPECIFIER = "";
				"PROVISIONING_PROFILE_SPECIFIER[sdk=macosx*]" = "";
				SWIFT_EMIT_LOC_STRINGS = NO;
				SWIFT_OBJC_BRIDGING_HEADER = "Authenticator-iOSTests/Authenticator-iOSTests-Bridging-Header.h";
				SWIFT_OPTIMIZATION_LEVEL = "-Onone";
				SWIFT_VERSION = 5.0;
				TARGETED_DEVICE_FAMILY = "1,2";
				TEST_HOST = "$(BUILT_PRODUCTS_DIR)/Authenticator-iOS.app/Authenticator-iOS";
			};
			name = Debug;
		};
		B0A906C22812E9E200F72F87 /* Release */ = {
			isa = XCBuildConfiguration;
			baseConfigurationReference = AFD0F228685232C1400F346E /* Pods-Authenticator-iOSTests.release.xcconfig */;
			buildSettings = {
				BUNDLE_LOADER = "$(TEST_HOST)";
				CLANG_ENABLE_MODULES = YES;
				CODE_SIGN_IDENTITY = "Apple Development";
				"CODE_SIGN_IDENTITY[sdk=macosx*]" = "Apple Development";
				CODE_SIGN_STYLE = Automatic;
				CURRENT_PROJECT_VERSION = 1;
				DEVELOPMENT_TEAM = 4W92454MDD;
				GENERATE_INFOPLIST_FILE = YES;
				LD_RUNPATH_SEARCH_PATHS = (
					"$(inherited)",
					"@executable_path/Frameworks",
					"@loader_path/Frameworks",
				);
				MARKETING_VERSION = 1.0;
				PRODUCT_BUNDLE_IDENTIFIER = "com.jenci.Authenticator-iOSTests";
				PRODUCT_NAME = "$(TARGET_NAME)";
				PROVISIONING_PROFILE_SPECIFIER = "";
				"PROVISIONING_PROFILE_SPECIFIER[sdk=macosx*]" = "";
				SWIFT_EMIT_LOC_STRINGS = NO;
				SWIFT_OBJC_BRIDGING_HEADER = "Authenticator-iOSTests/Authenticator-iOSTests-Bridging-Header.h";
				SWIFT_VERSION = 5.0;
				TARGETED_DEVICE_FAMILY = "1,2";
				TEST_HOST = "$(BUILT_PRODUCTS_DIR)/Authenticator-iOS.app/Authenticator-iOS";
			};
			name = Release;
		};
/* End XCBuildConfiguration section */

/* Begin XCConfigurationList section */
		B00CED592811DF01001CB090 /* Build configuration list for PBXProject "Authenticator-iOS" */ = {
			isa = XCConfigurationList;
			buildConfigurations = (
				B00CED862811DF02001CB090 /* Debug */,
				B00CED872811DF02001CB090 /* Release */,
			);
			defaultConfigurationIsVisible = 0;
			defaultConfigurationName = Release;
		};
		B00CED882811DF02001CB090 /* Build configuration list for PBXNativeTarget "Authenticator-iOS" */ = {
			isa = XCConfigurationList;
			buildConfigurations = (
				B00CED892811DF02001CB090 /* Debug */,
				B00CED8A2811DF02001CB090 /* Release */,
			);
			defaultConfigurationIsVisible = 0;
			defaultConfigurationName = Release;
		};
		B0A906C02812E9E200F72F87 /* Build configuration list for PBXNativeTarget "Authenticator-iOSTests" */ = {
			isa = XCConfigurationList;
			buildConfigurations = (
				B0A906C12812E9E200F72F87 /* Debug */,
				B0A906C22812E9E200F72F87 /* Release */,
			);
			defaultConfigurationIsVisible = 0;
			defaultConfigurationName = Release;
		};
/* End XCConfigurationList section */
	};
	rootObject = B00CED562811DF01001CB090 /* Project object */;
}
