// !$*UTF8*$!
{
	archiveVersion = 1;
	classes = {
	};
	objectVersion = 55;
	objects = {

/* Begin PBXBuildFile section */
		B00E6C74281CA68F0015B2AA /* AccountRepositoryTests.swift in Sources */ = {isa = PBXBuildFile; fileRef = B025950E281C93DE00D086C1 /* AccountRepositoryTests.swift */; };
		B00E6C75281CA6920015B2AA /* AccountRepositoryTests.swift in Sources */ = {isa = PBXBuildFile; fileRef = B025950E281C93DE00D086C1 /* AccountRepositoryTests.swift */; };
		B025950F281C93DE00D086C1 /* AccountRepository.swift in Sources */ = {isa = PBXBuildFile; fileRef = B025950B281C93DE00D086C1 /* AccountRepository.swift */; };
		B0259510281C93DE00D086C1 /* Account.swift in Sources */ = {isa = PBXBuildFile; fileRef = B025950C281C93DE00D086C1 /* Account.swift */; };
		B0259511281C93DE00D086C1 /* AccountRepositoryTests.swift in Sources */ = {isa = PBXBuildFile; fileRef = B025950E281C93DE00D086C1 /* AccountRepositoryTests.swift */; };
		B0F423B42814B66F00C9D138 /* AccountRepository.framework in Frameworks */ = {isa = PBXBuildFile; fileRef = B0F423AB2814B66F00C9D138 /* AccountRepository.framework */; };
		B0F423BA2814B66F00C9D138 /* AccountRepository.h in Headers */ = {isa = PBXBuildFile; fileRef = B0F423AE2814B66F00C9D138 /* AccountRepository.h */; settings = {ATTRIBUTES = (Public, ); }; };
		B0F423D02814B69D00C9D138 /* AccountRepository.framework in Frameworks */ = {isa = PBXBuildFile; fileRef = B0F423C82814B69D00C9D138 /* AccountRepository.framework */; };
		B0F423D62814B69D00C9D138 /* AccountRepository_MacOS.h in Headers */ = {isa = PBXBuildFile; fileRef = B0F423CA2814B69D00C9D138 /* AccountRepository_MacOS.h */; settings = {ATTRIBUTES = (Public, ); }; };
/* End PBXBuildFile section */

/* Begin PBXContainerItemProxy section */
		B0F423B52814B66F00C9D138 /* PBXContainerItemProxy */ = {
			isa = PBXContainerItemProxy;
			containerPortal = B0F423A22814B66F00C9D138 /* Project object */;
			proxyType = 1;
			remoteGlobalIDString = B0F423AA2814B66F00C9D138;
			remoteInfo = AccountRepository;
		};
		B0F423D12814B69D00C9D138 /* PBXContainerItemProxy */ = {
			isa = PBXContainerItemProxy;
			containerPortal = B0F423A22814B66F00C9D138 /* Project object */;
			proxyType = 1;
			remoteGlobalIDString = B0F423C72814B69D00C9D138;
			remoteInfo = AccountRepository_MacOS;
		};
/* End PBXContainerItemProxy section */

/* Begin PBXFileReference section */
		B025950B281C93DE00D086C1 /* AccountRepository.swift */ = {isa = PBXFileReference; fileEncoding = 4; lastKnownFileType = sourcecode.swift; path = AccountRepository.swift; sourceTree = "<group>"; };
		B025950C281C93DE00D086C1 /* Account.swift */ = {isa = PBXFileReference; fileEncoding = 4; lastKnownFileType = sourcecode.swift; path = Account.swift; sourceTree = "<group>"; };
		B025950E281C93DE00D086C1 /* AccountRepositoryTests.swift */ = {isa = PBXFileReference; fileEncoding = 4; lastKnownFileType = sourcecode.swift; path = AccountRepositoryTests.swift; sourceTree = "<group>"; };
		B0F423AB2814B66F00C9D138 /* AccountRepository.framework */ = {isa = PBXFileReference; explicitFileType = wrapper.framework; includeInIndex = 0; path = AccountRepository.framework; sourceTree = BUILT_PRODUCTS_DIR; };
		B0F423AE2814B66F00C9D138 /* AccountRepository.h */ = {isa = PBXFileReference; lastKnownFileType = sourcecode.c.h; path = AccountRepository.h; sourceTree = "<group>"; };
		B0F423B32814B66F00C9D138 /* AccountRepositoryTests.xctest */ = {isa = PBXFileReference; explicitFileType = wrapper.cfbundle; includeInIndex = 0; path = AccountRepositoryTests.xctest; sourceTree = BUILT_PRODUCTS_DIR; };
		B0F423C82814B69D00C9D138 /* AccountRepository.framework */ = {isa = PBXFileReference; explicitFileType = wrapper.framework; includeInIndex = 0; path = AccountRepository.framework; sourceTree = BUILT_PRODUCTS_DIR; };
		B0F423CA2814B69D00C9D138 /* AccountRepository_MacOS.h */ = {isa = PBXFileReference; lastKnownFileType = sourcecode.c.h; path = AccountRepository_MacOS.h; sourceTree = "<group>"; };
		B0F423CF2814B69D00C9D138 /* AccountRepository_MacOSTests.xctest */ = {isa = PBXFileReference; explicitFileType = wrapper.cfbundle; includeInIndex = 0; path = AccountRepository_MacOSTests.xctest; sourceTree = BUILT_PRODUCTS_DIR; };
/* End PBXFileReference section */

/* Begin PBXFrameworksBuildPhase section */
		B0F423A82814B66F00C9D138 /* Frameworks */ = {
			isa = PBXFrameworksBuildPhase;
			buildActionMask = 2147483647;
			files = (
			);
			runOnlyForDeploymentPostprocessing = 0;
		};
		B0F423B02814B66F00C9D138 /* Frameworks */ = {
			isa = PBXFrameworksBuildPhase;
			buildActionMask = 2147483647;
			files = (
				B0F423B42814B66F00C9D138 /* AccountRepository.framework in Frameworks */,
			);
			runOnlyForDeploymentPostprocessing = 0;
		};
		B0F423C52814B69D00C9D138 /* Frameworks */ = {
			isa = PBXFrameworksBuildPhase;
			buildActionMask = 2147483647;
			files = (
			);
			runOnlyForDeploymentPostprocessing = 0;
		};
		B0F423CC2814B69D00C9D138 /* Frameworks */ = {
			isa = PBXFrameworksBuildPhase;
			buildActionMask = 2147483647;
			files = (
				B0F423D02814B69D00C9D138 /* AccountRepository.framework in Frameworks */,
			);
			runOnlyForDeploymentPostprocessing = 0;
		};
/* End PBXFrameworksBuildPhase section */

/* Begin PBXGroup section */
		B0259509281C93DE00D086C1 /* Shared */ = {
			isa = PBXGroup;
			children = (
				B025950A281C93DE00D086C1 /* Source */,
				B025950D281C93DE00D086C1 /* Tests */,
			);
			path = Shared;
			sourceTree = "<group>";
		};
		B025950A281C93DE00D086C1 /* Source */ = {
			isa = PBXGroup;
			children = (
				B025950B281C93DE00D086C1 /* AccountRepository.swift */,
				B025950C281C93DE00D086C1 /* Account.swift */,
			);
			path = Source;
			sourceTree = "<group>";
		};
		B025950D281C93DE00D086C1 /* Tests */ = {
			isa = PBXGroup;
			children = (
				B025950E281C93DE00D086C1 /* AccountRepositoryTests.swift */,
			);
			path = Tests;
			sourceTree = "<group>";
		};
		B0F423A12814B66F00C9D138 = {
			isa = PBXGroup;
			children = (
				B0259509281C93DE00D086C1 /* Shared */,
				B0F423AD2814B66F00C9D138 /* AccountRepository */,
				B0F423B72814B66F00C9D138 /* AccountRepositoryTests */,
				B0F423C92814B69D00C9D138 /* AccountRepository_MacOS */,
				B0F423D32814B69D00C9D138 /* AccountRepository_MacOSTests */,
				B0F423AC2814B66F00C9D138 /* Products */,
			);
			sourceTree = "<group>";
		};
		B0F423AC2814B66F00C9D138 /* Products */ = {
			isa = PBXGroup;
			children = (
				B0F423AB2814B66F00C9D138 /* AccountRepository.framework */,
				B0F423B32814B66F00C9D138 /* AccountRepositoryTests.xctest */,
				B0F423C82814B69D00C9D138 /* AccountRepository.framework */,
				B0F423CF2814B69D00C9D138 /* AccountRepository_MacOSTests.xctest */,
			);
			name = Products;
			sourceTree = "<group>";
		};
		B0F423AD2814B66F00C9D138 /* AccountRepository */ = {
			isa = PBXGroup;
			children = (
				B0F423AE2814B66F00C9D138 /* AccountRepository.h */,
			);
			path = AccountRepository;
			sourceTree = "<group>";
		};
		B0F423B72814B66F00C9D138 /* AccountRepositoryTests */ = {
			isa = PBXGroup;
			children = (
			);
			path = AccountRepositoryTests;
			sourceTree = "<group>";
		};
		B0F423C92814B69D00C9D138 /* AccountRepository_MacOS */ = {
			isa = PBXGroup;
			children = (
				B0F423CA2814B69D00C9D138 /* AccountRepository_MacOS.h */,
			);
			path = AccountRepository_MacOS;
			sourceTree = "<group>";
		};
		B0F423D32814B69D00C9D138 /* AccountRepository_MacOSTests */ = {
			isa = PBXGroup;
			children = (
			);
			path = AccountRepository_MacOSTests;
			sourceTree = "<group>";
		};
/* End PBXGroup section */

/* Begin PBXHeadersBuildPhase section */
		B0F423A62814B66F00C9D138 /* Headers */ = {
			isa = PBXHeadersBuildPhase;
			buildActionMask = 2147483647;
			files = (
				B0F423BA2814B66F00C9D138 /* AccountRepository.h in Headers */,
			);
			runOnlyForDeploymentPostprocessing = 0;
		};
		B0F423C32814B69D00C9D138 /* Headers */ = {
			isa = PBXHeadersBuildPhase;
			buildActionMask = 2147483647;
			files = (
				B0F423D62814B69D00C9D138 /* AccountRepository_MacOS.h in Headers */,
			);
			runOnlyForDeploymentPostprocessing = 0;
		};
/* End PBXHeadersBuildPhase section */

/* Begin PBXNativeTarget section */
		B0F423AA2814B66F00C9D138 /* AccountRepository */ = {
			isa = PBXNativeTarget;
			buildConfigurationList = B0F423BD2814B66F00C9D138 /* Build configuration list for PBXNativeTarget "AccountRepository" */;
			buildPhases = (
				B0F423A62814B66F00C9D138 /* Headers */,
				B0F423A72814B66F00C9D138 /* Sources */,
				B0F423A82814B66F00C9D138 /* Frameworks */,
				B0F423A92814B66F00C9D138 /* Resources */,
			);
			buildRules = (
			);
			dependencies = (
			);
			name = AccountRepository;
			productName = AccountRepository;
			productReference = B0F423AB2814B66F00C9D138 /* AccountRepository.framework */;
			productType = "com.apple.product-type.framework";
		};
		B0F423B22814B66F00C9D138 /* AccountRepositoryTests */ = {
			isa = PBXNativeTarget;
			buildConfigurationList = B0F423C02814B66F00C9D138 /* Build configuration list for PBXNativeTarget "AccountRepositoryTests" */;
			buildPhases = (
				B0F423AF2814B66F00C9D138 /* Sources */,
				B0F423B02814B66F00C9D138 /* Frameworks */,
				B0F423B12814B66F00C9D138 /* Resources */,
			);
			buildRules = (
			);
			dependencies = (
				B0F423B62814B66F00C9D138 /* PBXTargetDependency */,
			);
			name = AccountRepositoryTests;
			productName = AccountRepositoryTests;
			productReference = B0F423B32814B66F00C9D138 /* AccountRepositoryTests.xctest */;
			productType = "com.apple.product-type.bundle.unit-test";
		};
		B0F423C72814B69D00C9D138 /* AccountRepository_MacOS */ = {
			isa = PBXNativeTarget;
			buildConfigurationList = B0F423DB2814B69D00C9D138 /* Build configuration list for PBXNativeTarget "AccountRepository_MacOS" */;
			buildPhases = (
				B0F423C32814B69D00C9D138 /* Headers */,
				B0F423C42814B69D00C9D138 /* Sources */,
				B0F423C52814B69D00C9D138 /* Frameworks */,
				B0F423C62814B69D00C9D138 /* Resources */,
			);
			buildRules = (
			);
			dependencies = (
			);
			name = AccountRepository_MacOS;
			productName = AccountRepository_MacOS;
			productReference = B0F423C82814B69D00C9D138 /* AccountRepository.framework */;
			productType = "com.apple.product-type.framework";
		};
		B0F423CE2814B69D00C9D138 /* AccountRepository_MacOSTests */ = {
			isa = PBXNativeTarget;
			buildConfigurationList = B0F423DC2814B69D00C9D138 /* Build configuration list for PBXNativeTarget "AccountRepository_MacOSTests" */;
			buildPhases = (
				B0F423CB2814B69D00C9D138 /* Sources */,
				B0F423CC2814B69D00C9D138 /* Frameworks */,
				B0F423CD2814B69D00C9D138 /* Resources */,
			);
			buildRules = (
			);
			dependencies = (
				B0F423D22814B69D00C9D138 /* PBXTargetDependency */,
			);
			name = AccountRepository_MacOSTests;
			productName = AccountRepository_MacOSTests;
			productReference = B0F423CF2814B69D00C9D138 /* AccountRepository_MacOSTests.xctest */;
			productType = "com.apple.product-type.bundle.unit-test";
		};
/* End PBXNativeTarget section */

/* Begin PBXProject section */
		B0F423A22814B66F00C9D138 /* Project object */ = {
			isa = PBXProject;
			attributes = {
				BuildIndependentTargetsInParallel = 1;
				LastSwiftUpdateCheck = 1330;
				LastUpgradeCheck = 1330;
				TargetAttributes = {
					B0F423AA2814B66F00C9D138 = {
						CreatedOnToolsVersion = 13.3.1;
					};
					B0F423B22814B66F00C9D138 = {
						CreatedOnToolsVersion = 13.3.1;
					};
					B0F423C72814B69D00C9D138 = {
						CreatedOnToolsVersion = 13.3.1;
					};
					B0F423CE2814B69D00C9D138 = {
						CreatedOnToolsVersion = 13.3.1;
					};
				};
			};
			buildConfigurationList = B0F423A52814B66F00C9D138 /* Build configuration list for PBXProject "AccountRepository" */;
			compatibilityVersion = "Xcode 13.0";
			developmentRegion = en;
			hasScannedForEncodings = 0;
			knownRegions = (
				en,
				Base,
			);
			mainGroup = B0F423A12814B66F00C9D138;
			productRefGroup = B0F423AC2814B66F00C9D138 /* Products */;
			projectDirPath = "";
			projectRoot = "";
			targets = (
				B0F423AA2814B66F00C9D138 /* AccountRepository */,
				B0F423B22814B66F00C9D138 /* AccountRepositoryTests */,
				B0F423C72814B69D00C9D138 /* AccountRepository_MacOS */,
				B0F423CE2814B69D00C9D138 /* AccountRepository_MacOSTests */,
			);
		};
/* End PBXProject section */

/* Begin PBXResourcesBuildPhase section */
		B0F423A92814B66F00C9D138 /* Resources */ = {
			isa = PBXResourcesBuildPhase;
			buildActionMask = 2147483647;
			files = (
			);
			runOnlyForDeploymentPostprocessing = 0;
		};
		B0F423B12814B66F00C9D138 /* Resources */ = {
			isa = PBXResourcesBuildPhase;
			buildActionMask = 2147483647;
			files = (
			);
			runOnlyForDeploymentPostprocessing = 0;
		};
		B0F423C62814B69D00C9D138 /* Resources */ = {
			isa = PBXResourcesBuildPhase;
			buildActionMask = 2147483647;
			files = (
			);
			runOnlyForDeploymentPostprocessing = 0;
		};
		B0F423CD2814B69D00C9D138 /* Resources */ = {
			isa = PBXResourcesBuildPhase;
			buildActionMask = 2147483647;
			files = (
			);
			runOnlyForDeploymentPostprocessing = 0;
		};
/* End PBXResourcesBuildPhase section */

/* Begin PBXSourcesBuildPhase section */
		B0F423A72814B66F00C9D138 /* Sources */ = {
			isa = PBXSourcesBuildPhase;
			buildActionMask = 2147483647;
			files = (
				B025950F281C93DE00D086C1 /* AccountRepository.swift in Sources */,
				B0259511281C93DE00D086C1 /* AccountRepositoryTests.swift in Sources */,
				B0259510281C93DE00D086C1 /* Account.swift in Sources */,
			);
			runOnlyForDeploymentPostprocessing = 0;
		};
		B0F423AF2814B66F00C9D138 /* Sources */ = {
			isa = PBXSourcesBuildPhase;
			buildActionMask = 2147483647;
			files = (
				B00E6C74281CA68F0015B2AA /* AccountRepositoryTests.swift in Sources */,
			);
			runOnlyForDeploymentPostprocessing = 0;
		};
		B0F423C42814B69D00C9D138 /* Sources */ = {
			isa = PBXSourcesBuildPhase;
			buildActionMask = 2147483647;
			files = (
			);
			runOnlyForDeploymentPostprocessing = 0;
		};
		B0F423CB2814B69D00C9D138 /* Sources */ = {
			isa = PBXSourcesBuildPhase;
			buildActionMask = 2147483647;
			files = (
				B00E6C75281CA6920015B2AA /* AccountRepositoryTests.swift in Sources */,
			);
			runOnlyForDeploymentPostprocessing = 0;
		};
/* End PBXSourcesBuildPhase section */

/* Begin PBXTargetDependency section */
		B0F423B62814B66F00C9D138 /* PBXTargetDependency */ = {
			isa = PBXTargetDependency;
			target = B0F423AA2814B66F00C9D138 /* AccountRepository */;
			targetProxy = B0F423B52814B66F00C9D138 /* PBXContainerItemProxy */;
		};
		B0F423D22814B69D00C9D138 /* PBXTargetDependency */ = {
			isa = PBXTargetDependency;
			target = B0F423C72814B69D00C9D138 /* AccountRepository_MacOS */;
			targetProxy = B0F423D12814B69D00C9D138 /* PBXContainerItemProxy */;
		};
/* End PBXTargetDependency section */

/* Begin XCBuildConfiguration section */
		B066DA47281C8C8700773A85 /* Mock */ = {
			isa = XCBuildConfiguration;
			buildSettings = {
				ALWAYS_SEARCH_USER_PATHS = NO;
				CLANG_ANALYZER_NONNULL = YES;
				CLANG_ANALYZER_NUMBER_OBJECT_CONVERSION = YES_AGGRESSIVE;
				CLANG_CXX_LANGUAGE_STANDARD = "gnu++17";
				CLANG_ENABLE_MODULES = YES;
				CLANG_ENABLE_OBJC_ARC = YES;
				CLANG_ENABLE_OBJC_WEAK = YES;
				CLANG_WARN_BLOCK_CAPTURE_AUTORELEASING = YES;
				CLANG_WARN_BOOL_CONVERSION = YES;
				CLANG_WARN_COMMA = YES;
				CLANG_WARN_CONSTANT_CONVERSION = YES;
				CLANG_WARN_DEPRECATED_OBJC_IMPLEMENTATIONS = YES;
				CLANG_WARN_DIRECT_OBJC_ISA_USAGE = YES_ERROR;
				CLANG_WARN_DOCUMENTATION_COMMENTS = YES;
				CLANG_WARN_EMPTY_BODY = YES;
				CLANG_WARN_ENUM_CONVERSION = YES;
				CLANG_WARN_INFINITE_RECURSION = YES;
				CLANG_WARN_INT_CONVERSION = YES;
				CLANG_WARN_NON_LITERAL_NULL_CONVERSION = YES;
				CLANG_WARN_OBJC_IMPLICIT_RETAIN_SELF = YES;
				CLANG_WARN_OBJC_LITERAL_CONVERSION = YES;
				CLANG_WARN_OBJC_ROOT_CLASS = YES_ERROR;
				CLANG_WARN_QUOTED_INCLUDE_IN_FRAMEWORK_HEADER = YES;
				CLANG_WARN_RANGE_LOOP_ANALYSIS = YES;
				CLANG_WARN_STRICT_PROTOTYPES = YES;
				CLANG_WARN_SUSPICIOUS_MOVE = YES;
				CLANG_WARN_UNGUARDED_AVAILABILITY = YES_AGGRESSIVE;
				CLANG_WARN_UNREACHABLE_CODE = YES;
				CLANG_WARN__DUPLICATE_METHOD_MATCH = YES;
				COPY_PHASE_STRIP = NO;
				CURRENT_PROJECT_VERSION = 1;
				DEBUG_INFORMATION_FORMAT = dwarf;
				ENABLE_STRICT_OBJC_MSGSEND = YES;
				ENABLE_TESTABILITY = YES;
				GCC_C_LANGUAGE_STANDARD = gnu11;
				GCC_DYNAMIC_NO_PIC = NO;
				GCC_NO_COMMON_BLOCKS = YES;
				GCC_OPTIMIZATION_LEVEL = 0;
				GCC_PREPROCESSOR_DEFINITIONS = (
					"DEBUG=1",
					"$(inherited)",
				);
				GCC_WARN_64_TO_32_BIT_CONVERSION = YES;
				GCC_WARN_ABOUT_RETURN_TYPE = YES_ERROR;
				GCC_WARN_UNDECLARED_SELECTOR = YES;
				GCC_WARN_UNINITIALIZED_AUTOS = YES_AGGRESSIVE;
				GCC_WARN_UNUSED_FUNCTION = YES;
				GCC_WARN_UNUSED_VARIABLE = YES;
				IPHONEOS_DEPLOYMENT_TARGET = 15.4;
				MTL_ENABLE_DEBUG_INFO = INCLUDE_SOURCE;
				MTL_FAST_MATH = YES;
				ONLY_ACTIVE_ARCH = YES;
				SDKROOT = iphoneos;
				SWIFT_ACTIVE_COMPILATION_CONDITIONS = DEBUG;
				SWIFT_OPTIMIZATION_LEVEL = "-Onone";
				VERSIONING_SYSTEM = "apple-generic";
				VERSION_INFO_PREFIX = "";
			};
			name = Mock;
		};
		B066DA48281C8C8700773A85 /* Mock */ = {
			isa = XCBuildConfiguration;
			buildSettings = {
				CODE_SIGN_STYLE = Manual;
				CURRENT_PROJECT_VERSION = 1;
				DEFINES_MODULE = YES;
				DEVELOPMENT_TEAM = "";
				DYLIB_COMPATIBILITY_VERSION = 1;
				DYLIB_CURRENT_VERSION = 1;
				DYLIB_INSTALL_NAME_BASE = "@rpath";
				GENERATE_INFOPLIST_FILE = YES;
				INFOPLIST_KEY_NSHumanReadableCopyright = "";
				INSTALL_PATH = "$(LOCAL_LIBRARY_DIR)/Frameworks";
				IPHONEOS_DEPLOYMENT_TARGET = 15.0;
				LD_RUNPATH_SEARCH_PATHS = (
					"$(inherited)",
					"@executable_path/Frameworks",
					"@loader_path/Frameworks",
				);
				MARKETING_VERSION = 1.0;
				PRODUCT_BUNDLE_IDENTIFIER = com.jenci.AccountRepository;
				PRODUCT_NAME = AccountRepository;
				PROVISIONING_PROFILE_SPECIFIER = "";
				SKIP_INSTALL = YES;
				SUPPORTS_MACCATALYST = NO;
				SWIFT_EMIT_LOC_STRINGS = YES;
				SWIFT_VERSION = 5.0;
				TARGETED_DEVICE_FAMILY = "1,2";
			};
			name = Mock;
		};
		B066DA49281C8C8700773A85 /* Mock */ = {
			isa = XCBuildConfiguration;
			buildSettings = {
				ALWAYS_EMBED_SWIFT_STANDARD_LIBRARIES = YES;
				CODE_SIGN_STYLE = Automatic;
				CURRENT_PROJECT_VERSION = 1;
				DEVELOPMENT_TEAM = 4W92454MDD;
				GENERATE_INFOPLIST_FILE = YES;
				MARKETING_VERSION = 1.0;
				PRODUCT_BUNDLE_IDENTIFIER = com.jenci.AccountRepositoryTests;
				PRODUCT_NAME = "$(TARGET_NAME)";
				SWIFT_EMIT_LOC_STRINGS = NO;
				SWIFT_VERSION = 5.0;
				TARGETED_DEVICE_FAMILY = "1,2";
			};
			name = Mock;
		};
		B066DA4A281C8C8700773A85 /* Mock */ = {
			isa = XCBuildConfiguration;
			buildSettings = {
				CODE_SIGN_STYLE = Manual;
				COMBINE_HIDPI_IMAGES = YES;
				CURRENT_PROJECT_VERSION = 1;
				DEFINES_MODULE = YES;
				DEVELOPMENT_TEAM = "";
				DYLIB_COMPATIBILITY_VERSION = 1;
				DYLIB_CURRENT_VERSION = 1;
				DYLIB_INSTALL_NAME_BASE = "@rpath";
				GENERATE_INFOPLIST_FILE = YES;
				INFOPLIST_KEY_NSHumanReadableCopyright = "";
				INSTALL_PATH = "$(LOCAL_LIBRARY_DIR)/Frameworks";
				LD_RUNPATH_SEARCH_PATHS = (
					"$(inherited)",
					"@executable_path/../Frameworks",
					"@loader_path/Frameworks",
				);
				MACOSX_DEPLOYMENT_TARGET = 12.0;
				MARKETING_VERSION = 1.0;
				PRODUCT_BUNDLE_IDENTIFIER = "com.jenci.AccountRepository-MacOS";
				PRODUCT_NAME = AccountRepository;
				PROVISIONING_PROFILE_SPECIFIER = "";
				SDKROOT = macosx;
				SKIP_INSTALL = YES;
				SWIFT_EMIT_LOC_STRINGS = YES;
				SWIFT_VERSION = 5.0;
			};
			name = Mock;
		};
		B066DA4B281C8C8700773A85 /* Mock */ = {
			isa = XCBuildConfiguration;
			buildSettings = {
				CODE_SIGN_STYLE = Automatic;
				CURRENT_PROJECT_VERSION = 1;
				DEVELOPMENT_TEAM = 4W92454MDD;
				GENERATE_INFOPLIST_FILE = YES;
				MACOSX_DEPLOYMENT_TARGET = 12.0;
				MARKETING_VERSION = 1.0;
				PRODUCT_BUNDLE_IDENTIFIER = "com.jenci.AccountRepository-MacOSTests";
				PRODUCT_NAME = "$(TARGET_NAME)";
				SDKROOT = macosx;
				SWIFT_EMIT_LOC_STRINGS = NO;
				SWIFT_VERSION = 5.0;
			};
			name = Mock;
		};
		B0F423BB2814B66F00C9D138 /* Debug */ = {
			isa = XCBuildConfiguration;
			buildSettings = {
				ALWAYS_SEARCH_USER_PATHS = NO;
				CLANG_ANALYZER_NONNULL = YES;
				CLANG_ANALYZER_NUMBER_OBJECT_CONVERSION = YES_AGGRESSIVE;
				CLANG_CXX_LANGUAGE_STANDARD = "gnu++17";
				CLANG_ENABLE_MODULES = YES;
				CLANG_ENABLE_OBJC_ARC = YES;
				CLANG_ENABLE_OBJC_WEAK = YES;
				CLANG_WARN_BLOCK_CAPTURE_AUTORELEASING = YES;
				CLANG_WARN_BOOL_CONVERSION = YES;
				CLANG_WARN_COMMA = YES;
				CLANG_WARN_CONSTANT_CONVERSION = YES;
				CLANG_WARN_DEPRECATED_OBJC_IMPLEMENTATIONS = YES;
				CLANG_WARN_DIRECT_OBJC_ISA_USAGE = YES_ERROR;
				CLANG_WARN_DOCUMENTATION_COMMENTS = YES;
				CLANG_WARN_EMPTY_BODY = YES;
				CLANG_WARN_ENUM_CONVERSION = YES;
				CLANG_WARN_INFINITE_RECURSION = YES;
				CLANG_WARN_INT_CONVERSION = YES;
				CLANG_WARN_NON_LITERAL_NULL_CONVERSION = YES;
				CLANG_WARN_OBJC_IMPLICIT_RETAIN_SELF = YES;
				CLANG_WARN_OBJC_LITERAL_CONVERSION = YES;
				CLANG_WARN_OBJC_ROOT_CLASS = YES_ERROR;
				CLANG_WARN_QUOTED_INCLUDE_IN_FRAMEWORK_HEADER = YES;
				CLANG_WARN_RANGE_LOOP_ANALYSIS = YES;
				CLANG_WARN_STRICT_PROTOTYPES = YES;
				CLANG_WARN_SUSPICIOUS_MOVE = YES;
				CLANG_WARN_UNGUARDED_AVAILABILITY = YES_AGGRESSIVE;
				CLANG_WARN_UNREACHABLE_CODE = YES;
				CLANG_WARN__DUPLICATE_METHOD_MATCH = YES;
				COPY_PHASE_STRIP = NO;
				CURRENT_PROJECT_VERSION = 1;
				DEBUG_INFORMATION_FORMAT = dwarf;
				ENABLE_STRICT_OBJC_MSGSEND = YES;
				ENABLE_TESTABILITY = YES;
				GCC_C_LANGUAGE_STANDARD = gnu11;
				GCC_DYNAMIC_NO_PIC = NO;
				GCC_NO_COMMON_BLOCKS = YES;
				GCC_OPTIMIZATION_LEVEL = 0;
				GCC_PREPROCESSOR_DEFINITIONS = (
					"DEBUG=1",
					"$(inherited)",
				);
				GCC_WARN_64_TO_32_BIT_CONVERSION = YES;
				GCC_WARN_ABOUT_RETURN_TYPE = YES_ERROR;
				GCC_WARN_UNDECLARED_SELECTOR = YES;
				GCC_WARN_UNINITIALIZED_AUTOS = YES_AGGRESSIVE;
				GCC_WARN_UNUSED_FUNCTION = YES;
				GCC_WARN_UNUSED_VARIABLE = YES;
				IPHONEOS_DEPLOYMENT_TARGET = 15.4;
				MTL_ENABLE_DEBUG_INFO = INCLUDE_SOURCE;
				MTL_FAST_MATH = YES;
				ONLY_ACTIVE_ARCH = YES;
				SDKROOT = iphoneos;
				SWIFT_ACTIVE_COMPILATION_CONDITIONS = DEBUG;
				SWIFT_OPTIMIZATION_LEVEL = "-Onone";
				VERSIONING_SYSTEM = "apple-generic";
				VERSION_INFO_PREFIX = "";
			};
			name = Debug;
		};
		B0F423BC2814B66F00C9D138 /* Release */ = {
			isa = XCBuildConfiguration;
			buildSettings = {
				ALWAYS_SEARCH_USER_PATHS = NO;
				CLANG_ANALYZER_NONNULL = YES;
				CLANG_ANALYZER_NUMBER_OBJECT_CONVERSION = YES_AGGRESSIVE;
				CLANG_CXX_LANGUAGE_STANDARD = "gnu++17";
				CLANG_ENABLE_MODULES = YES;
				CLANG_ENABLE_OBJC_ARC = YES;
				CLANG_ENABLE_OBJC_WEAK = YES;
				CLANG_WARN_BLOCK_CAPTURE_AUTORELEASING = YES;
				CLANG_WARN_BOOL_CONVERSION = YES;
				CLANG_WARN_COMMA = YES;
				CLANG_WARN_CONSTANT_CONVERSION = YES;
				CLANG_WARN_DEPRECATED_OBJC_IMPLEMENTATIONS = YES;
				CLANG_WARN_DIRECT_OBJC_ISA_USAGE = YES_ERROR;
				CLANG_WARN_DOCUMENTATION_COMMENTS = YES;
				CLANG_WARN_EMPTY_BODY = YES;
				CLANG_WARN_ENUM_CONVERSION = YES;
				CLANG_WARN_INFINITE_RECURSION = YES;
				CLANG_WARN_INT_CONVERSION = YES;
				CLANG_WARN_NON_LITERAL_NULL_CONVERSION = YES;
				CLANG_WARN_OBJC_IMPLICIT_RETAIN_SELF = YES;
				CLANG_WARN_OBJC_LITERAL_CONVERSION = YES;
				CLANG_WARN_OBJC_ROOT_CLASS = YES_ERROR;
				CLANG_WARN_QUOTED_INCLUDE_IN_FRAMEWORK_HEADER = YES;
				CLANG_WARN_RANGE_LOOP_ANALYSIS = YES;
				CLANG_WARN_STRICT_PROTOTYPES = YES;
				CLANG_WARN_SUSPICIOUS_MOVE = YES;
				CLANG_WARN_UNGUARDED_AVAILABILITY = YES_AGGRESSIVE;
				CLANG_WARN_UNREACHABLE_CODE = YES;
				CLANG_WARN__DUPLICATE_METHOD_MATCH = YES;
				COPY_PHASE_STRIP = NO;
				CURRENT_PROJECT_VERSION = 1;
				DEBUG_INFORMATION_FORMAT = "dwarf-with-dsym";
				ENABLE_NS_ASSERTIONS = NO;
				ENABLE_STRICT_OBJC_MSGSEND = YES;
				GCC_C_LANGUAGE_STANDARD = gnu11;
				GCC_NO_COMMON_BLOCKS = YES;
				GCC_WARN_64_TO_32_BIT_CONVERSION = YES;
				GCC_WARN_ABOUT_RETURN_TYPE = YES_ERROR;
				GCC_WARN_UNDECLARED_SELECTOR = YES;
				GCC_WARN_UNINITIALIZED_AUTOS = YES_AGGRESSIVE;
				GCC_WARN_UNUSED_FUNCTION = YES;
				GCC_WARN_UNUSED_VARIABLE = YES;
				IPHONEOS_DEPLOYMENT_TARGET = 15.4;
				MTL_ENABLE_DEBUG_INFO = NO;
				MTL_FAST_MATH = YES;
				SDKROOT = iphoneos;
				SWIFT_COMPILATION_MODE = wholemodule;
				SWIFT_OPTIMIZATION_LEVEL = "-O";
				VALIDATE_PRODUCT = YES;
				VERSIONING_SYSTEM = "apple-generic";
				VERSION_INFO_PREFIX = "";
			};
			name = Release;
		};
		B0F423BE2814B66F00C9D138 /* Debug */ = {
			isa = XCBuildConfiguration;
			buildSettings = {
				CODE_SIGN_STYLE = Manual;
				CURRENT_PROJECT_VERSION = 1;
				DEFINES_MODULE = YES;
				DEVELOPMENT_TEAM = "";
				DYLIB_COMPATIBILITY_VERSION = 1;
				DYLIB_CURRENT_VERSION = 1;
				DYLIB_INSTALL_NAME_BASE = "@rpath";
				GENERATE_INFOPLIST_FILE = YES;
				INFOPLIST_KEY_NSHumanReadableCopyright = "";
				INSTALL_PATH = "$(LOCAL_LIBRARY_DIR)/Frameworks";
				IPHONEOS_DEPLOYMENT_TARGET = 15.0;
				LD_RUNPATH_SEARCH_PATHS = (
					"$(inherited)",
					"@executable_path/Frameworks",
					"@loader_path/Frameworks",
				);
				MARKETING_VERSION = 1.0;
				PRODUCT_BUNDLE_IDENTIFIER = com.jenci.AccountRepository;
				PRODUCT_NAME = AccountRepository;
				PROVISIONING_PROFILE_SPECIFIER = "";
				SKIP_INSTALL = YES;
				SUPPORTS_MACCATALYST = NO;
				SWIFT_EMIT_LOC_STRINGS = YES;
				SWIFT_VERSION = 5.0;
				TARGETED_DEVICE_FAMILY = "1,2";
			};
			name = Debug;
		};
		B0F423BF2814B66F00C9D138 /* Release */ = {
			isa = XCBuildConfiguration;
			buildSettings = {
				CODE_SIGN_STYLE = Manual;
				CURRENT_PROJECT_VERSION = 1;
				DEFINES_MODULE = YES;
				DEVELOPMENT_TEAM = "";
				DYLIB_COMPATIBILITY_VERSION = 1;
				DYLIB_CURRENT_VERSION = 1;
				DYLIB_INSTALL_NAME_BASE = "@rpath";
				GENERATE_INFOPLIST_FILE = YES;
				INFOPLIST_KEY_NSHumanReadableCopyright = "";
				INSTALL_PATH = "$(LOCAL_LIBRARY_DIR)/Frameworks";
				IPHONEOS_DEPLOYMENT_TARGET = 15.0;
				LD_RUNPATH_SEARCH_PATHS = (
					"$(inherited)",
					"@executable_path/Frameworks",
					"@loader_path/Frameworks",
				);
				MARKETING_VERSION = 1.0;
				PRODUCT_BUNDLE_IDENTIFIER = com.jenci.AccountRepository;
				PRODUCT_NAME = AccountRepository;
				PROVISIONING_PROFILE_SPECIFIER = "";
				SKIP_INSTALL = YES;
				SUPPORTS_MACCATALYST = NO;
				SWIFT_EMIT_LOC_STRINGS = YES;
				SWIFT_VERSION = 5.0;
				TARGETED_DEVICE_FAMILY = "1,2";
			};
			name = Release;
		};
		B0F423C12814B66F00C9D138 /* Debug */ = {
			isa = XCBuildConfiguration;
			buildSettings = {
				ALWAYS_EMBED_SWIFT_STANDARD_LIBRARIES = YES;
				CODE_SIGN_STYLE = Automatic;
				CURRENT_PROJECT_VERSION = 1;
				DEVELOPMENT_TEAM = 4W92454MDD;
				GENERATE_INFOPLIST_FILE = YES;
				MARKETING_VERSION = 1.0;
				PRODUCT_BUNDLE_IDENTIFIER = com.jenci.AccountRepositoryTests;
				PRODUCT_NAME = "$(TARGET_NAME)";
				SWIFT_EMIT_LOC_STRINGS = NO;
				SWIFT_VERSION = 5.0;
				TARGETED_DEVICE_FAMILY = "1,2";
			};
			name = Debug;
		};
		B0F423C22814B66F00C9D138 /* Release */ = {
			isa = XCBuildConfiguration;
			buildSettings = {
				ALWAYS_EMBED_SWIFT_STANDARD_LIBRARIES = YES;
				CODE_SIGN_STYLE = Automatic;
				CURRENT_PROJECT_VERSION = 1;
				DEVELOPMENT_TEAM = 4W92454MDD;
				GENERATE_INFOPLIST_FILE = YES;
				MARKETING_VERSION = 1.0;
				PRODUCT_BUNDLE_IDENTIFIER = com.jenci.AccountRepositoryTests;
				PRODUCT_NAME = "$(TARGET_NAME)";
				SWIFT_EMIT_LOC_STRINGS = NO;
				SWIFT_VERSION = 5.0;
				TARGETED_DEVICE_FAMILY = "1,2";
			};
			name = Release;
		};
		B0F423D72814B69D00C9D138 /* Debug */ = {
			isa = XCBuildConfiguration;
			buildSettings = {
				CODE_SIGN_STYLE = Manual;
				COMBINE_HIDPI_IMAGES = YES;
				CURRENT_PROJECT_VERSION = 1;
				DEFINES_MODULE = YES;
				DEVELOPMENT_TEAM = "";
				DYLIB_COMPATIBILITY_VERSION = 1;
				DYLIB_CURRENT_VERSION = 1;
				DYLIB_INSTALL_NAME_BASE = "@rpath";
				GENERATE_INFOPLIST_FILE = YES;
				INFOPLIST_KEY_NSHumanReadableCopyright = "";
				INSTALL_PATH = "$(LOCAL_LIBRARY_DIR)/Frameworks";
				LD_RUNPATH_SEARCH_PATHS = (
					"$(inherited)",
					"@executable_path/../Frameworks",
					"@loader_path/Frameworks",
				);
				MACOSX_DEPLOYMENT_TARGET = 12.0;
				MARKETING_VERSION = 1.0;
				PRODUCT_BUNDLE_IDENTIFIER = "com.jenci.AccountRepository-MacOS";
				PRODUCT_NAME = AccountRepository;
				PROVISIONING_PROFILE_SPECIFIER = "";
				SDKROOT = macosx;
				SKIP_INSTALL = YES;
				SWIFT_EMIT_LOC_STRINGS = YES;
				SWIFT_VERSION = 5.0;
			};
			name = Debug;
		};
		B0F423D82814B69D00C9D138 /* Release */ = {
			isa = XCBuildConfiguration;
			buildSettings = {
				CODE_SIGN_STYLE = Manual;
				COMBINE_HIDPI_IMAGES = YES;
				CURRENT_PROJECT_VERSION = 1;
				DEFINES_MODULE = YES;
				DEVELOPMENT_TEAM = "";
				DYLIB_COMPATIBILITY_VERSION = 1;
				DYLIB_CURRENT_VERSION = 1;
				DYLIB_INSTALL_NAME_BASE = "@rpath";
				GENERATE_INFOPLIST_FILE = YES;
				INFOPLIST_KEY_NSHumanReadableCopyright = "";
				INSTALL_PATH = "$(LOCAL_LIBRARY_DIR)/Frameworks";
				LD_RUNPATH_SEARCH_PATHS = (
					"$(inherited)",
					"@executable_path/../Frameworks",
					"@loader_path/Frameworks",
				);
				MACOSX_DEPLOYMENT_TARGET = 12.0;
				MARKETING_VERSION = 1.0;
				PRODUCT_BUNDLE_IDENTIFIER = "com.jenci.AccountRepository-MacOS";
				PRODUCT_NAME = AccountRepository;
				PROVISIONING_PROFILE_SPECIFIER = "";
				SDKROOT = macosx;
				SKIP_INSTALL = YES;
				SWIFT_EMIT_LOC_STRINGS = YES;
				SWIFT_VERSION = 5.0;
			};
			name = Release;
		};
		B0F423D92814B69D00C9D138 /* Debug */ = {
			isa = XCBuildConfiguration;
			buildSettings = {
				CODE_SIGN_STYLE = Automatic;
				CURRENT_PROJECT_VERSION = 1;
				DEVELOPMENT_TEAM = 4W92454MDD;
				GENERATE_INFOPLIST_FILE = YES;
				MACOSX_DEPLOYMENT_TARGET = 12.0;
				MARKETING_VERSION = 1.0;
				PRODUCT_BUNDLE_IDENTIFIER = "com.jenci.AccountRepository-MacOSTests";
				PRODUCT_NAME = "$(TARGET_NAME)";
				SDKROOT = macosx;
				SWIFT_EMIT_LOC_STRINGS = NO;
				SWIFT_VERSION = 5.0;
			};
			name = Debug;
		};
		B0F423DA2814B69D00C9D138 /* Release */ = {
			isa = XCBuildConfiguration;
			buildSettings = {
				CODE_SIGN_STYLE = Automatic;
				CURRENT_PROJECT_VERSION = 1;
				DEVELOPMENT_TEAM = 4W92454MDD;
				GENERATE_INFOPLIST_FILE = YES;
				MACOSX_DEPLOYMENT_TARGET = 12.0;
				MARKETING_VERSION = 1.0;
				PRODUCT_BUNDLE_IDENTIFIER = "com.jenci.AccountRepository-MacOSTests";
				PRODUCT_NAME = "$(TARGET_NAME)";
				SDKROOT = macosx;
				SWIFT_EMIT_LOC_STRINGS = NO;
				SWIFT_VERSION = 5.0;
			};
			name = Release;
		};
/* End XCBuildConfiguration section */

/* Begin XCConfigurationList section */
		B0F423A52814B66F00C9D138 /* Build configuration list for PBXProject "AccountRepository" */ = {
			isa = XCConfigurationList;
			buildConfigurations = (
				B0F423BB2814B66F00C9D138 /* Debug */,
				B066DA47281C8C8700773A85 /* Mock */,
				B0F423BC2814B66F00C9D138 /* Release */,
			);
			defaultConfigurationIsVisible = 0;
			defaultConfigurationName = Release;
		};
		B0F423BD2814B66F00C9D138 /* Build configuration list for PBXNativeTarget "AccountRepository" */ = {
			isa = XCConfigurationList;
			buildConfigurations = (
				B0F423BE2814B66F00C9D138 /* Debug */,
				B066DA48281C8C8700773A85 /* Mock */,
				B0F423BF2814B66F00C9D138 /* Release */,
			);
			defaultConfigurationIsVisible = 0;
			defaultConfigurationName = Release;
		};
		B0F423C02814B66F00C9D138 /* Build configuration list for PBXNativeTarget "AccountRepositoryTests" */ = {
			isa = XCConfigurationList;
			buildConfigurations = (
				B0F423C12814B66F00C9D138 /* Debug */,
				B066DA49281C8C8700773A85 /* Mock */,
				B0F423C22814B66F00C9D138 /* Release */,
			);
			defaultConfigurationIsVisible = 0;
			defaultConfigurationName = Release;
		};
		B0F423DB2814B69D00C9D138 /* Build configuration list for PBXNativeTarget "AccountRepository_MacOS" */ = {
			isa = XCConfigurationList;
			buildConfigurations = (
				B0F423D72814B69D00C9D138 /* Debug */,
				B066DA4A281C8C8700773A85 /* Mock */,
				B0F423D82814B69D00C9D138 /* Release */,
			);
			defaultConfigurationIsVisible = 0;
			defaultConfigurationName = Release;
		};
		B0F423DC2814B69D00C9D138 /* Build configuration list for PBXNativeTarget "AccountRepository_MacOSTests" */ = {
			isa = XCConfigurationList;
			buildConfigurations = (
				B0F423D92814B69D00C9D138 /* Debug */,
				B066DA4B281C8C8700773A85 /* Mock */,
				B0F423DA2814B69D00C9D138 /* Release */,
			);
			defaultConfigurationIsVisible = 0;
			defaultConfigurationName = Release;
		};
/* End XCConfigurationList section */
	};
	rootObject = B0F423A22814B66F00C9D138 /* Project object */;
}
